// !$*UTF8*$!
{
	archiveVersion = 1;
	classes = {
	};
	objectVersion = 54;
	objects = {

/* Begin PBXBuildFile section */
		50760B6923C4367A003D88A5 /* Errors.swift in Sources */ = {isa = PBXBuildFile; fileRef = 50760B6823C4367A003D88A5 /* Errors.swift */; };
		C909550223DD1ED5006FB53C /* AspectFitImageView.swift in Sources */ = {isa = PBXBuildFile; fileRef = C909550123DD1ED5006FB53C /* AspectFitImageView.swift */; };
		C909550623DE5BF7006FB53C /* VideoControlsView.swift in Sources */ = {isa = PBXBuildFile; fileRef = C909550423DE5BF7006FB53C /* VideoControlsView.swift */; };
		C909550723DE5BF7006FB53C /* VideoControlsView.xib in Resources */ = {isa = PBXBuildFile; fileRef = C909550523DE5BF7006FB53C /* VideoControlsView.xib */; };
		C909550923DE8F4F006FB53C /* RoundedCornerView.swift in Sources */ = {isa = PBXBuildFile; fileRef = C909550823DE8F4F006FB53C /* RoundedCornerView.swift */; };
		C909550D23DFFC7E006FB53C /* UIView+Promise.swift in Sources */ = {isa = PBXBuildFile; fileRef = C909550C23DFFC7E006FB53C /* UIView+Promise.swift */; };
		C909550F23E3DA85006FB53C /* UIView+Nibloadable.swift in Sources */ = {isa = PBXBuildFile; fileRef = C909550E23E3DA85006FB53C /* UIView+Nibloadable.swift */; };
		C922D72E287FA9800032C517 /* RxAlamofire in Frameworks */ = {isa = PBXBuildFile; productRef = C922D72D287FA9800032C517 /* RxAlamofire */; };
		C927E75825C78F4C00F835C1 /* RxBiBinding in Frameworks */ = {isa = PBXBuildFile; productRef = C927E75725C78F4C00F835C1 /* RxBiBinding */; };
		C927E76F25C8A83500F835C1 /* SwiftyJSON in Frameworks */ = {isa = PBXBuildFile; productRef = C927E76E25C8A83500F835C1 /* SwiftyJSON */; };
		C92D91E723C98F9A0067150B /* TwitterDLViewController+ErrorHandler.swift in Sources */ = {isa = PBXBuildFile; fileRef = C92D91E323C98F8C0067150B /* TwitterDLViewController+ErrorHandler.swift */; };
		C92D91E923C995810067150B /* TwitterMediaModel.swift in Sources */ = {isa = PBXBuildFile; fileRef = C92D91E823C995810067150B /* TwitterMediaModel.swift */; };
		C92D91F023C9992B0067150B /* TwitterDLViewController.swift in Sources */ = {isa = PBXBuildFile; fileRef = C92D91EE23C9992B0067150B /* TwitterDLViewController.swift */; };
		C93767B423D8063700180F2D /* images.xcassets in Resources */ = {isa = PBXBuildFile; fileRef = C93767B323D8063700180F2D /* images.xcassets */; };
		C938B5402400DAD300AFD740 /* VideoPlayerViewController.xib in Resources */ = {isa = PBXBuildFile; fileRef = C938B53F2400DAD300AFD740 /* VideoPlayerViewController.xib */; };
		C938B5422400DB0700AFD740 /* VideoPlayerViewController.swift in Sources */ = {isa = PBXBuildFile; fileRef = C938B5412400DB0700AFD740 /* VideoPlayerViewController.swift */; };
		C938B5442400DD6500AFD740 /* AVVideoPlayerView.swift in Sources */ = {isa = PBXBuildFile; fileRef = C938B5432400DD6500AFD740 /* AVVideoPlayerView.swift */; };
		C938B54724039C9200AFD740 /* AVVideoPlayerView.xib in Resources */ = {isa = PBXBuildFile; fileRef = C938B54624039C9200AFD740 /* AVVideoPlayerView.xib */; };
		C938B5492404DC9E00AFD740 /* AVPlayerItem+Rx.swift in Sources */ = {isa = PBXBuildFile; fileRef = C938B5482404DC9E00AFD740 /* AVPlayerItem+Rx.swift */; };
		C93D7FB22898E389002B6CF2 /* TwitterAPIType.swift in Sources */ = {isa = PBXBuildFile; fileRef = C93D7FB12898E389002B6CF2 /* TwitterAPIType.swift */; };
		C955E137289366E200F136FD /* NukeUI in Frameworks */ = {isa = PBXBuildFile; productRef = C955E136289366E200F136FD /* NukeUI */; };
		C96BD9E023F26E210008CDC8 /* AVPlayer+Rx.swift in Sources */ = {isa = PBXBuildFile; fileRef = C96BD9DF23F26E210008CDC8 /* AVPlayer+Rx.swift */; };
		C96BD9E423F393620008CDC8 /* StringFormatHelpers.swift in Sources */ = {isa = PBXBuildFile; fileRef = C96BD9E323F393620008CDC8 /* StringFormatHelpers.swift */; };
		C96BD9E623F39D940008CDC8 /* MathHelpers.swift in Sources */ = {isa = PBXBuildFile; fileRef = C96BD9E523F39D940008CDC8 /* MathHelpers.swift */; };
		C977FB8D286D2D580038CF82 /* ReSwift in Frameworks */ = {isa = PBXBuildFile; productRef = C977FB8C286D2D580038CF82 /* ReSwift */; };
		C977FB93287105EB0038CF82 /* EpicMiddleware.swift in Sources */ = {isa = PBXBuildFile; fileRef = C977FB92287105EA0038CF82 /* EpicMiddleware.swift */; };
		C977FB9528727D160038CF82 /* Store.swift in Sources */ = {isa = PBXBuildFile; fileRef = C977FB9428727D160038CF82 /* Store.swift */; };
		C977FB97287387270038CF82 /* Store+Rx.swift in Sources */ = {isa = PBXBuildFile; fileRef = C977FB96287387270038CF82 /* Store+Rx.swift */; };
		C97A52E12607D7C3008B76BD /* PhotoLibraryChangeObserver+Rx.swift in Sources */ = {isa = PBXBuildFile; fileRef = C97A52E02607D7C3008B76BD /* PhotoLibraryChangeObserver+Rx.swift */; };
		C983424228B0622D0053886B /* Differentiator in Frameworks */ = {isa = PBXBuildFile; productRef = C983424128B0622D0053886B /* Differentiator */; };
		C983424428B0622D0053886B /* RxDataSources in Frameworks */ = {isa = PBXBuildFile; productRef = C983424328B0622D0053886B /* RxDataSources */; };
		C983424628B068AD0053886B /* FilesizeButton.xib in Resources */ = {isa = PBXBuildFile; fileRef = C983424528B068AD0053886B /* FilesizeButton.xib */; };
		C983F9EE28BEE4A400485C20 /* DummyTestViewController.swift in Sources */ = {isa = PBXBuildFile; fileRef = C983F9ED28BEE4A400485C20 /* DummyTestViewController.swift */; };
		C983F9F028BEE4FF00485C20 /* DummyTestViewController.xib in Resources */ = {isa = PBXBuildFile; fileRef = C983F9EF28BEE4FF00485C20 /* DummyTestViewController.xib */; };
		C986497C287A8BE700DE65D4 /* Rswift in Frameworks */ = {isa = PBXBuildFile; productRef = C986497B287A8BE700DE65D4 /* Rswift */; };
		C986497E287A8C3100DE65D4 /* rswift in Resources */ = {isa = PBXBuildFile; fileRef = C986497D287A8C3100DE65D4 /* rswift */; };
		C9864980287A8DCE00DE65D4 /* R.generated.swift in Sources */ = {isa = PBXBuildFile; fileRef = C986497F287A8DCE00DE65D4 /* R.generated.swift */; };
		C9864982287BB38B00DE65D4 /* NetworkingEpic.swift in Sources */ = {isa = PBXBuildFile; fileRef = C9864981287BB38B00DE65D4 /* NetworkingEpic.swift */; };
		C9864984287CF58900DE65D4 /* RetryingTokenNetworkService.swift in Sources */ = {isa = PBXBuildFile; fileRef = C9864983287CF58900DE65D4 /* RetryingTokenNetworkService.swift */; };
		C98720CD288C70D400742104 /* FilesizeButton.swift in Sources */ = {isa = PBXBuildFile; fileRef = C98720CC288C70D400742104 /* FilesizeButton.swift */; };
		C9A6B23023E663420005A41B /* RxSwift in Frameworks */ = {isa = PBXBuildFile; productRef = C9A6B22F23E663420005A41B /* RxSwift */; };
		C9A6B23223E663420005A41B /* RxTest in Frameworks */ = {isa = PBXBuildFile; productRef = C9A6B23123E663420005A41B /* RxTest */; };
		C9A6B23423E663420005A41B /* RxRelay in Frameworks */ = {isa = PBXBuildFile; productRef = C9A6B23323E663420005A41B /* RxRelay */; };
		C9A6B23623E663420005A41B /* RxCocoa in Frameworks */ = {isa = PBXBuildFile; productRef = C9A6B23523E663420005A41B /* RxCocoa */; };
		C9A6B23823E663420005A41B /* RxBlocking in Frameworks */ = {isa = PBXBuildFile; productRef = C9A6B23723E663420005A41B /* RxBlocking */; };
		C9B6036623CC43BE0056AEC6 /* TwitterDLViewController.xib in Resources */ = {isa = PBXBuildFile; fileRef = C9B6036523CC43BE0056AEC6 /* TwitterDLViewController.xib */; };
		C9B6036A23CEDA280056AEC6 /* UIViewController+Convenience.swift in Sources */ = {isa = PBXBuildFile; fileRef = C9B6036923CEDA280056AEC6 /* UIViewController+Convenience.swift */; };
		C9B98A7523EBCC85003A1EF4 /* TwitterMediaModel+Player.swift in Sources */ = {isa = PBXBuildFile; fileRef = C9B98A7423EBCC85003A1EF4 /* TwitterMediaModel+Player.swift */; };
		C9C75DDB25B947DB00764114 /* NSObject-Rx in Frameworks */ = {isa = PBXBuildFile; productRef = C9C75DDA25B947DB00764114 /* NSObject-Rx */; };
		C9E240F42603E2B4008BE153 /* Photos+Rx.swift in Sources */ = {isa = PBXBuildFile; fileRef = C9E240F32603E2B4008BE153 /* Photos+Rx.swift */; };
		C9EA02422888D72E0076C263 /* RxAnimated in Frameworks */ = {isa = PBXBuildFile; productRef = C9EA02412888D72E0076C263 /* RxAnimated */; };
		C9EA02442888D72E0076C263 /* RxCocoaRuntime in Frameworks */ = {isa = PBXBuildFile; productRef = C9EA02432888D72E0076C263 /* RxCocoaRuntime */; };
		C9F5111723C186400044C61A /* YoutubeDL.framework in Frameworks */ = {isa = PBXBuildFile; fileRef = C9F5110D23C186400044C61A /* YoutubeDL.framework */; };
		C9F5111C23C186400044C61A /* YoutubeDLTests.swift in Sources */ = {isa = PBXBuildFile; fileRef = C9F5111B23C186400044C61A /* YoutubeDLTests.swift */; };
		C9F5111E23C186400044C61A /* YoutubeDL.h in Headers */ = {isa = PBXBuildFile; fileRef = C9F5111023C186400044C61A /* YoutubeDL.h */; settings = {ATTRIBUTES = (Public, ); }; };
		C9F5113223C187150044C61A /* TwitterAPI.swift in Sources */ = {isa = PBXBuildFile; fileRef = C9F5113123C187150044C61A /* TwitterAPI.swift */; };
		C9F5113E23C28AAF0044C61A /* Array+Convenience.swift in Sources */ = {isa = PBXBuildFile; fileRef = C9F5113D23C28AAF0044C61A /* Array+Convenience.swift */; };
		C9F5114023C2BA8C0044C61A /* String+Convenience.swift in Sources */ = {isa = PBXBuildFile; fileRef = C9F5113F23C2BA8C0044C61A /* String+Convenience.swift */; };
/* End PBXBuildFile section */

/* Begin PBXContainerItemProxy section */
		C9F5111823C186400044C61A /* PBXContainerItemProxy */ = {
			isa = PBXContainerItemProxy;
			containerPortal = C9F5110423C186400044C61A /* Project object */;
			proxyType = 1;
			remoteGlobalIDString = C9F5110C23C186400044C61A;
			remoteInfo = YoutubeDL;
		};
/* End PBXContainerItemProxy section */

/* Begin PBXFileReference section */
		50760B6823C4367A003D88A5 /* Errors.swift */ = {isa = PBXFileReference; fileEncoding = 4; lastKnownFileType = sourcecode.swift; path = Errors.swift; sourceTree = "<group>"; };
		C909550123DD1ED5006FB53C /* AspectFitImageView.swift */ = {isa = PBXFileReference; lastKnownFileType = sourcecode.swift; path = AspectFitImageView.swift; sourceTree = "<group>"; };
		C909550423DE5BF7006FB53C /* VideoControlsView.swift */ = {isa = PBXFileReference; lastKnownFileType = sourcecode.swift; path = VideoControlsView.swift; sourceTree = "<group>"; };
		C909550523DE5BF7006FB53C /* VideoControlsView.xib */ = {isa = PBXFileReference; lastKnownFileType = file.xib; path = VideoControlsView.xib; sourceTree = "<group>"; };
		C909550823DE8F4F006FB53C /* RoundedCornerView.swift */ = {isa = PBXFileReference; lastKnownFileType = sourcecode.swift; path = RoundedCornerView.swift; sourceTree = "<group>"; };
		C909550C23DFFC7E006FB53C /* UIView+Promise.swift */ = {isa = PBXFileReference; lastKnownFileType = sourcecode.swift; path = "UIView+Promise.swift"; sourceTree = "<group>"; };
		C909550E23E3DA85006FB53C /* UIView+Nibloadable.swift */ = {isa = PBXFileReference; lastKnownFileType = sourcecode.swift; path = "UIView+Nibloadable.swift"; sourceTree = "<group>"; };
		C92D91E323C98F8C0067150B /* TwitterDLViewController+ErrorHandler.swift */ = {isa = PBXFileReference; lastKnownFileType = sourcecode.swift; path = "TwitterDLViewController+ErrorHandler.swift"; sourceTree = "<group>"; };
		C92D91E823C995810067150B /* TwitterMediaModel.swift */ = {isa = PBXFileReference; lastKnownFileType = sourcecode.swift; path = TwitterMediaModel.swift; sourceTree = "<group>"; };
		C92D91EE23C9992B0067150B /* TwitterDLViewController.swift */ = {isa = PBXFileReference; fileEncoding = 4; lastKnownFileType = sourcecode.swift; lineEnding = 0; path = TwitterDLViewController.swift; sourceTree = "<group>"; };
		C93767B323D8063700180F2D /* images.xcassets */ = {isa = PBXFileReference; lastKnownFileType = folder.assetcatalog; path = images.xcassets; sourceTree = "<group>"; };
		C938B53F2400DAD300AFD740 /* VideoPlayerViewController.xib */ = {isa = PBXFileReference; lastKnownFileType = file.xib; path = VideoPlayerViewController.xib; sourceTree = "<group>"; };
		C938B5412400DB0700AFD740 /* VideoPlayerViewController.swift */ = {isa = PBXFileReference; lastKnownFileType = sourcecode.swift; path = VideoPlayerViewController.swift; sourceTree = "<group>"; };
		C938B5432400DD6500AFD740 /* AVVideoPlayerView.swift */ = {isa = PBXFileReference; lastKnownFileType = sourcecode.swift; path = AVVideoPlayerView.swift; sourceTree = "<group>"; };
		C938B54624039C9200AFD740 /* AVVideoPlayerView.xib */ = {isa = PBXFileReference; lastKnownFileType = file.xib; path = AVVideoPlayerView.xib; sourceTree = "<group>"; };
		C938B5482404DC9E00AFD740 /* AVPlayerItem+Rx.swift */ = {isa = PBXFileReference; lastKnownFileType = sourcecode.swift; path = "AVPlayerItem+Rx.swift"; sourceTree = "<group>"; };
		C93D7FB12898E389002B6CF2 /* TwitterAPIType.swift */ = {isa = PBXFileReference; fileEncoding = 4; lastKnownFileType = sourcecode.swift; name = TwitterAPIType.swift; path = ../../json_schema/TwitterAPIType.swift; sourceTree = "<group>"; };
		C96BD9DF23F26E210008CDC8 /* AVPlayer+Rx.swift */ = {isa = PBXFileReference; lastKnownFileType = sourcecode.swift; path = "AVPlayer+Rx.swift"; sourceTree = "<group>"; };
		C96BD9E323F393620008CDC8 /* StringFormatHelpers.swift */ = {isa = PBXFileReference; lastKnownFileType = sourcecode.swift; path = StringFormatHelpers.swift; sourceTree = "<group>"; };
		C96BD9E523F39D940008CDC8 /* MathHelpers.swift */ = {isa = PBXFileReference; lastKnownFileType = sourcecode.swift; path = MathHelpers.swift; sourceTree = "<group>"; };
		C977FB92287105EA0038CF82 /* EpicMiddleware.swift */ = {isa = PBXFileReference; fileEncoding = 4; lastKnownFileType = sourcecode.swift; path = EpicMiddleware.swift; sourceTree = "<group>"; };
		C977FB9428727D160038CF82 /* Store.swift */ = {isa = PBXFileReference; lastKnownFileType = sourcecode.swift; path = Store.swift; sourceTree = "<group>"; };
		C977FB96287387270038CF82 /* Store+Rx.swift */ = {isa = PBXFileReference; lastKnownFileType = sourcecode.swift; path = "Store+Rx.swift"; sourceTree = "<group>"; };
		C97A52E02607D7C3008B76BD /* PhotoLibraryChangeObserver+Rx.swift */ = {isa = PBXFileReference; fileEncoding = 4; lastKnownFileType = sourcecode.swift; path = "PhotoLibraryChangeObserver+Rx.swift"; sourceTree = "<group>"; };
		C983424528B068AD0053886B /* FilesizeButton.xib */ = {isa = PBXFileReference; fileEncoding = 4; lastKnownFileType = file.xib; path = FilesizeButton.xib; sourceTree = "<group>"; };
		C983F9ED28BEE4A400485C20 /* DummyTestViewController.swift */ = {isa = PBXFileReference; lastKnownFileType = sourcecode.swift; path = DummyTestViewController.swift; sourceTree = "<group>"; };
		C983F9EF28BEE4FF00485C20 /* DummyTestViewController.xib */ = {isa = PBXFileReference; lastKnownFileType = file.xib; path = DummyTestViewController.xib; sourceTree = "<group>"; };
		C986497D287A8C3100DE65D4 /* rswift */ = {isa = PBXFileReference; lastKnownFileType = "compiled.mach-o.executable"; path = rswift; sourceTree = "<group>"; };
		C986497F287A8DCE00DE65D4 /* R.generated.swift */ = {isa = PBXFileReference; fileEncoding = 4; lastKnownFileType = sourcecode.swift; path = R.generated.swift; sourceTree = "<group>"; };
		C9864981287BB38B00DE65D4 /* NetworkingEpic.swift */ = {isa = PBXFileReference; lastKnownFileType = sourcecode.swift; path = NetworkingEpic.swift; sourceTree = "<group>"; };
		C9864983287CF58900DE65D4 /* RetryingTokenNetworkService.swift */ = {isa = PBXFileReference; lastKnownFileType = sourcecode.swift; path = RetryingTokenNetworkService.swift; sourceTree = "<group>"; };
		C98720CC288C70D400742104 /* FilesizeButton.swift */ = {isa = PBXFileReference; lastKnownFileType = sourcecode.swift; path = FilesizeButton.swift; sourceTree = "<group>"; };
		C9B6036523CC43BE0056AEC6 /* TwitterDLViewController.xib */ = {isa = PBXFileReference; lastKnownFileType = file.xib; name = TwitterDLViewController.xib; path = controllers/TwitterDLViewController.xib; sourceTree = SOURCE_ROOT; };
		C9B6036923CEDA280056AEC6 /* UIViewController+Convenience.swift */ = {isa = PBXFileReference; lastKnownFileType = sourcecode.swift; path = "UIViewController+Convenience.swift"; sourceTree = "<group>"; };
		C9B98A7423EBCC85003A1EF4 /* TwitterMediaModel+Player.swift */ = {isa = PBXFileReference; lastKnownFileType = sourcecode.swift; path = "TwitterMediaModel+Player.swift"; sourceTree = "<group>"; };
		C9E240F32603E2B4008BE153 /* Photos+Rx.swift */ = {isa = PBXFileReference; lastKnownFileType = sourcecode.swift; path = "Photos+Rx.swift"; sourceTree = "<group>"; };
		C9F5110D23C186400044C61A /* YoutubeDL.framework */ = {isa = PBXFileReference; explicitFileType = wrapper.framework; includeInIndex = 0; path = YoutubeDL.framework; sourceTree = BUILT_PRODUCTS_DIR; };
		C9F5111023C186400044C61A /* YoutubeDL.h */ = {isa = PBXFileReference; lastKnownFileType = sourcecode.c.h; path = YoutubeDL.h; sourceTree = "<group>"; };
		C9F5111123C186400044C61A /* Info.plist */ = {isa = PBXFileReference; lastKnownFileType = text.plist.xml; path = Info.plist; sourceTree = "<group>"; };
		C9F5111623C186400044C61A /* YoutubeDLTests.xctest */ = {isa = PBXFileReference; explicitFileType = wrapper.cfbundle; includeInIndex = 0; path = YoutubeDLTests.xctest; sourceTree = BUILT_PRODUCTS_DIR; };
		C9F5111B23C186400044C61A /* YoutubeDLTests.swift */ = {isa = PBXFileReference; lastKnownFileType = sourcecode.swift; path = YoutubeDLTests.swift; sourceTree = "<group>"; };
		C9F5111D23C186400044C61A /* Info.plist */ = {isa = PBXFileReference; lastKnownFileType = text.plist.xml; path = Info.plist; sourceTree = "<group>"; };
		C9F5113123C187150044C61A /* TwitterAPI.swift */ = {isa = PBXFileReference; fileEncoding = 4; lastKnownFileType = sourcecode.swift; path = TwitterAPI.swift; sourceTree = "<group>"; };
		C9F5113D23C28AAF0044C61A /* Array+Convenience.swift */ = {isa = PBXFileReference; lastKnownFileType = sourcecode.swift; path = "Array+Convenience.swift"; sourceTree = "<group>"; };
		C9F5113F23C2BA8C0044C61A /* String+Convenience.swift */ = {isa = PBXFileReference; lastKnownFileType = sourcecode.swift; path = "String+Convenience.swift"; sourceTree = "<group>"; };
/* End PBXFileReference section */

/* Begin PBXFrameworksBuildPhase section */
		C9F5110A23C186400044C61A /* Frameworks */ = {
			isa = PBXFrameworksBuildPhase;
			buildActionMask = 2147483647;
			files = (
				C986497C287A8BE700DE65D4 /* Rswift in Frameworks */,
				C983424228B0622D0053886B /* Differentiator in Frameworks */,
				C9A6B23623E663420005A41B /* RxCocoa in Frameworks */,
				C9A6B23423E663420005A41B /* RxRelay in Frameworks */,
				C955E137289366E200F136FD /* NukeUI in Frameworks */,
				C977FB8D286D2D580038CF82 /* ReSwift in Frameworks */,
				C927E76F25C8A83500F835C1 /* SwiftyJSON in Frameworks */,
				C9EA02422888D72E0076C263 /* RxAnimated in Frameworks */,
				C927E75825C78F4C00F835C1 /* RxBiBinding in Frameworks */,
				C922D72E287FA9800032C517 /* RxAlamofire in Frameworks */,
				C9A6B23023E663420005A41B /* RxSwift in Frameworks */,
				C983424428B0622D0053886B /* RxDataSources in Frameworks */,
				C9EA02442888D72E0076C263 /* RxCocoaRuntime in Frameworks */,
				C9C75DDB25B947DB00764114 /* NSObject-Rx in Frameworks */,
			);
			runOnlyForDeploymentPostprocessing = 0;
		};
		C9F5111323C186400044C61A /* Frameworks */ = {
			isa = PBXFrameworksBuildPhase;
			buildActionMask = 2147483647;
			files = (
				C9A6B23223E663420005A41B /* RxTest in Frameworks */,
				C9A6B23823E663420005A41B /* RxBlocking in Frameworks */,
				C9F5111723C186400044C61A /* YoutubeDL.framework in Frameworks */,
			);
			runOnlyForDeploymentPostprocessing = 0;
		};
/* End PBXFrameworksBuildPhase section */

/* Begin PBXGroup section */
		C909550323DE5BC7006FB53C /* views */ = {
			isa = PBXGroup;
			children = (
				C909550423DE5BF7006FB53C /* VideoControlsView.swift */,
				C938B5432400DD6500AFD740 /* AVVideoPlayerView.swift */,
				C98720CC288C70D400742104 /* FilesizeButton.swift */,
			);
			path = views;
			sourceTree = "<group>";
		};
		C92D91E423C98F8C0067150B /* controllers */ = {
			isa = PBXGroup;
			children = (
				C92D91EE23C9992B0067150B /* TwitterDLViewController.swift */,
				C92D91E323C98F8C0067150B /* TwitterDLViewController+ErrorHandler.swift */,
				C938B5412400DB0700AFD740 /* VideoPlayerViewController.swift */,
				C983F9ED28BEE4A400485C20 /* DummyTestViewController.swift */,
			);
			path = controllers;
			sourceTree = "<group>";
		};
		C92D91E523C98F8C0067150B /* models */ = {
			isa = PBXGroup;
			children = (
				C977FB92287105EA0038CF82 /* EpicMiddleware.swift */,
				C92D91E823C995810067150B /* TwitterMediaModel.swift */,
				C9B98A7423EBCC85003A1EF4 /* TwitterMediaModel+Player.swift */,
				C977FB9428727D160038CF82 /* Store.swift */,
				C977FB96287387270038CF82 /* Store+Rx.swift */,
				C9864981287BB38B00DE65D4 /* NetworkingEpic.swift */,
				C9864983287CF58900DE65D4 /* RetryingTokenNetworkService.swift */,
			);
			path = models;
			sourceTree = "<group>";
		};
		C93767B223D8061C00180F2D /* resources */ = {
			isa = PBXGroup;
			children = (
				C93767B323D8063700180F2D /* images.xcassets */,
			);
			path = resources;
			sourceTree = "<group>";
		};
		C96BD9DE23F26E130008CDC8 /* reactive extensions */ = {
			isa = PBXGroup;
			children = (
				C97A52E02607D7C3008B76BD /* PhotoLibraryChangeObserver+Rx.swift */,
				C96BD9DF23F26E210008CDC8 /* AVPlayer+Rx.swift */,
				C938B5482404DC9E00AFD740 /* AVPlayerItem+Rx.swift */,
				C9E240F32603E2B4008BE153 /* Photos+Rx.swift */,
			);
			path = "reactive extensions";
			sourceTree = "<group>";
		};
		C9B6036423CC436C0056AEC6 /* storyboards */ = {
			isa = PBXGroup;
			children = (
				C983424528B068AD0053886B /* FilesizeButton.xib */,
				C9B6036523CC43BE0056AEC6 /* TwitterDLViewController.xib */,
				C909550523DE5BF7006FB53C /* VideoControlsView.xib */,
				C938B53F2400DAD300AFD740 /* VideoPlayerViewController.xib */,
				C938B54624039C9200AFD740 /* AVVideoPlayerView.xib */,
				C983F9EF28BEE4FF00485C20 /* DummyTestViewController.xib */,
			);
			path = storyboards;
			sourceTree = "<group>";
		};
		C9E240F72603E469008BE153 /* views */ = {
			isa = PBXGroup;
			children = (
				C909550123DD1ED5006FB53C /* AspectFitImageView.swift */,
				C909550823DE8F4F006FB53C /* RoundedCornerView.swift */,
			);
			path = views;
			sourceTree = "<group>";
		};
		C9F5110323C186400044C61A = {
			isa = PBXGroup;
			children = (
				C986497F287A8DCE00DE65D4 /* R.generated.swift */,
				C986497D287A8C3100DE65D4 /* rswift */,
				C909550323DE5BC7006FB53C /* views */,
				C93767B223D8061C00180F2D /* resources */,
				C9B6036423CC436C0056AEC6 /* storyboards */,
				C9F5113C23C28A9B0044C61A /* helpers */,
				C92D91E423C98F8C0067150B /* controllers */,
				C92D91E523C98F8C0067150B /* models */,
				C9F5113023C187080044C61A /* api */,
				C9F5111023C186400044C61A /* YoutubeDL.h */,
				C9F5111123C186400044C61A /* Info.plist */,
				C9F5111A23C186400044C61A /* YoutubeDLTests */,
				C9F5110E23C186400044C61A /* Products */,
			);
			indentWidth = 4;
			sourceTree = "<group>";
			tabWidth = 4;
		};
		C9F5110E23C186400044C61A /* Products */ = {
			isa = PBXGroup;
			children = (
				C9F5110D23C186400044C61A /* YoutubeDL.framework */,
				C9F5111623C186400044C61A /* YoutubeDLTests.xctest */,
			);
			name = Products;
			sourceTree = "<group>";
		};
		C9F5111A23C186400044C61A /* YoutubeDLTests */ = {
			isa = PBXGroup;
			children = (
				C9F5111B23C186400044C61A /* YoutubeDLTests.swift */,
				C9F5111D23C186400044C61A /* Info.plist */,
			);
			path = YoutubeDLTests;
			sourceTree = "<group>";
		};
		C9F5113023C187080044C61A /* api */ = {
			isa = PBXGroup;
			children = (
				C93D7FB12898E389002B6CF2 /* TwitterAPIType.swift */,
				C9F5113123C187150044C61A /* TwitterAPI.swift */,
			);
			path = api;
			sourceTree = "<group>";
		};
		C9F5113C23C28A9B0044C61A /* helpers */ = {
			isa = PBXGroup;
			children = (
				C9E240F72603E469008BE153 /* views */,
				C96BD9DE23F26E130008CDC8 /* reactive extensions */,
				C9F5113D23C28AAF0044C61A /* Array+Convenience.swift */,
				50760B6823C4367A003D88A5 /* Errors.swift */,
				C9F5113F23C2BA8C0044C61A /* String+Convenience.swift */,
				C9B6036923CEDA280056AEC6 /* UIViewController+Convenience.swift */,
				C909550C23DFFC7E006FB53C /* UIView+Promise.swift */,
				C909550E23E3DA85006FB53C /* UIView+Nibloadable.swift */,
				C96BD9E323F393620008CDC8 /* StringFormatHelpers.swift */,
				C96BD9E523F39D940008CDC8 /* MathHelpers.swift */,
			);
			path = helpers;
			sourceTree = "<group>";
		};
/* End PBXGroup section */

/* Begin PBXHeadersBuildPhase section */
		C9F5110823C186400044C61A /* Headers */ = {
			isa = PBXHeadersBuildPhase;
			buildActionMask = 2147483647;
			files = (
				C9F5111E23C186400044C61A /* YoutubeDL.h in Headers */,
			);
			runOnlyForDeploymentPostprocessing = 0;
		};
/* End PBXHeadersBuildPhase section */

/* Begin PBXNativeTarget section */
		C9F5110C23C186400044C61A /* YoutubeDL */ = {
			isa = PBXNativeTarget;
			buildConfigurationList = C9F5112123C186400044C61A /* Build configuration list for PBXNativeTarget "YoutubeDL" */;
			buildPhases = (
				C9F5110823C186400044C61A /* Headers */,
				C9864979287A8AB600DE65D4 /* ShellScript */,
				C9F5110923C186400044C61A /* Sources */,
				C9F5110A23C186400044C61A /* Frameworks */,
				C9F5110B23C186400044C61A /* Resources */,
			);
			buildRules = (
			);
			dependencies = (
			);
			name = YoutubeDL;
			packageProductDependencies = (
				C9A6B22F23E663420005A41B /* RxSwift */,
				C9A6B23323E663420005A41B /* RxRelay */,
				C9A6B23523E663420005A41B /* RxCocoa */,
				C9C75DDA25B947DB00764114 /* NSObject-Rx */,
				C927E75725C78F4C00F835C1 /* RxBiBinding */,
				C927E76E25C8A83500F835C1 /* SwiftyJSON */,
				C977FB8C286D2D580038CF82 /* ReSwift */,
				C986497B287A8BE700DE65D4 /* Rswift */,
				C922D72D287FA9800032C517 /* RxAlamofire */,
				C9EA02412888D72E0076C263 /* RxAnimated */,
				C9EA02432888D72E0076C263 /* RxCocoaRuntime */,
				C955E136289366E200F136FD /* NukeUI */,
				C983424128B0622D0053886B /* Differentiator */,
				C983424328B0622D0053886B /* RxDataSources */,
			);
			productName = YoutubeDL;
			productReference = C9F5110D23C186400044C61A /* YoutubeDL.framework */;
			productType = "com.apple.product-type.framework";
		};
		C9F5111523C186400044C61A /* YoutubeDLTests */ = {
			isa = PBXNativeTarget;
			buildConfigurationList = C9F5112423C186400044C61A /* Build configuration list for PBXNativeTarget "YoutubeDLTests" */;
			buildPhases = (
				C9F5111223C186400044C61A /* Sources */,
				C9F5111323C186400044C61A /* Frameworks */,
				C9F5111423C186400044C61A /* Resources */,
			);
			buildRules = (
			);
			dependencies = (
				C9F5111923C186400044C61A /* PBXTargetDependency */,
			);
			name = YoutubeDLTests;
			packageProductDependencies = (
				C9A6B23123E663420005A41B /* RxTest */,
				C9A6B23723E663420005A41B /* RxBlocking */,
			);
			productName = YoutubeDLTests;
			productReference = C9F5111623C186400044C61A /* YoutubeDLTests.xctest */;
			productType = "com.apple.product-type.bundle.unit-test";
		};
/* End PBXNativeTarget section */

/* Begin PBXProject section */
		C9F5110423C186400044C61A /* Project object */ = {
			isa = PBXProject;
			attributes = {
				LastSwiftUpdateCheck = 1130;
				LastUpgradeCheck = 1230;
				ORGANIZATIONNAME = "Meme Folder";
				TargetAttributes = {
					C9F5110C23C186400044C61A = {
						CreatedOnToolsVersion = 11.3;
						LastSwiftMigration = 1130;
					};
					C9F5111523C186400044C61A = {
						CreatedOnToolsVersion = 11.3;
					};
				};
			};
			buildConfigurationList = C9F5110723C186400044C61A /* Build configuration list for PBXProject "YoutubeDL" */;
			compatibilityVersion = "Xcode 9.3";
			developmentRegion = en;
			hasScannedForEncodings = 0;
			knownRegions = (
				en,
				Base,
			);
			mainGroup = C9F5110323C186400044C61A;
			packageReferences = (
				C9A6B22E23E663420005A41B /* XCRemoteSwiftPackageReference "RxSwift" */,
				C9C75DD925B947DB00764114 /* XCRemoteSwiftPackageReference "NSObject-Rx" */,
				C927E75625C78F4B00F835C1 /* XCRemoteSwiftPackageReference "RxBiBinding" */,
				C927E76D25C8A83500F835C1 /* XCRemoteSwiftPackageReference "SwiftyJSON" */,
				C977FB8B286D2D580038CF82 /* XCRemoteSwiftPackageReference "ReSwift" */,
				C986497A287A8BE600DE65D4 /* XCRemoteSwiftPackageReference "R.swift" */,
				C922D72C287FA9800032C517 /* XCRemoteSwiftPackageReference "RxAlamofire" */,
				C9EA02402888D72E0076C263 /* XCRemoteSwiftPackageReference "RxAnimated" */,
				C955E135289366E200F136FD /* XCRemoteSwiftPackageReference "NukeUI" */,
				C983424028B0622D0053886B /* XCRemoteSwiftPackageReference "RxDataSources" */,
			);
			productRefGroup = C9F5110E23C186400044C61A /* Products */;
			projectDirPath = "";
			projectRoot = "";
			targets = (
				C9F5110C23C186400044C61A /* YoutubeDL */,
				C9F5111523C186400044C61A /* YoutubeDLTests */,
			);
		};
/* End PBXProject section */

/* Begin PBXResourcesBuildPhase section */
		C9F5110B23C186400044C61A /* Resources */ = {
			isa = PBXResourcesBuildPhase;
			buildActionMask = 2147483647;
			files = (
				C938B5402400DAD300AFD740 /* VideoPlayerViewController.xib in Resources */,
				C983424628B068AD0053886B /* FilesizeButton.xib in Resources */,
				C9B6036623CC43BE0056AEC6 /* TwitterDLViewController.xib in Resources */,
				C983F9F028BEE4FF00485C20 /* DummyTestViewController.xib in Resources */,
				C93767B423D8063700180F2D /* images.xcassets in Resources */,
				C938B54724039C9200AFD740 /* AVVideoPlayerView.xib in Resources */,
				C909550723DE5BF7006FB53C /* VideoControlsView.xib in Resources */,
				C986497E287A8C3100DE65D4 /* rswift in Resources */,
			);
			runOnlyForDeploymentPostprocessing = 0;
		};
		C9F5111423C186400044C61A /* Resources */ = {
			isa = PBXResourcesBuildPhase;
			buildActionMask = 2147483647;
			files = (
			);
			runOnlyForDeploymentPostprocessing = 0;
		};
/* End PBXResourcesBuildPhase section */

/* Begin PBXShellScriptBuildPhase section */
		C9864979287A8AB600DE65D4 /* ShellScript */ = {
			isa = PBXShellScriptBuildPhase;
			alwaysOutOfDate = 1;
			buildActionMask = 2147483647;
			files = (
			);
			inputFileListPaths = (
				"",
			);
			inputPaths = (
			);
			outputFileListPaths = (
			);
			outputPaths = (
				$SRCROOT/R.generated.swift,
			);
			runOnlyForDeploymentPostprocessing = 0;
			shellPath = /bin/sh;
			shellScript = "\"$SRCROOT/rswift\" generate \"$SRCROOT/R.generated.swift\"\n";
		};
/* End PBXShellScriptBuildPhase section */

/* Begin PBXSourcesBuildPhase section */
		C9F5110923C186400044C61A /* Sources */ = {
			isa = PBXSourcesBuildPhase;
			buildActionMask = 2147483647;
			files = (
				C909550F23E3DA85006FB53C /* UIView+Nibloadable.swift in Sources */,
				C9B98A7523EBCC85003A1EF4 /* TwitterMediaModel+Player.swift in Sources */,
				C977FB93287105EB0038CF82 /* EpicMiddleware.swift in Sources */,
				C97A52E12607D7C3008B76BD /* PhotoLibraryChangeObserver+Rx.swift in Sources */,
				C92D91E923C995810067150B /* TwitterMediaModel.swift in Sources */,
				C98720CD288C70D400742104 /* FilesizeButton.swift in Sources */,
				C983F9EE28BEE4A400485C20 /* DummyTestViewController.swift in Sources */,
				C909550623DE5BF7006FB53C /* VideoControlsView.swift in Sources */,
				C977FB9528727D160038CF82 /* Store.swift in Sources */,
				C938B5442400DD6500AFD740 /* AVVideoPlayerView.swift in Sources */,
				C909550D23DFFC7E006FB53C /* UIView+Promise.swift in Sources */,
				C93D7FB22898E389002B6CF2 /* TwitterAPIType.swift in Sources */,
				50760B6923C4367A003D88A5 /* Errors.swift in Sources */,
				C9B6036A23CEDA280056AEC6 /* UIViewController+Convenience.swift in Sources */,
				C938B5492404DC9E00AFD740 /* AVPlayerItem+Rx.swift in Sources */,
				C938B5422400DB0700AFD740 /* VideoPlayerViewController.swift in Sources */,
				C9864980287A8DCE00DE65D4 /* R.generated.swift in Sources */,
				C9864984287CF58900DE65D4 /* RetryingTokenNetworkService.swift in Sources */,
				C92D91F023C9992B0067150B /* TwitterDLViewController.swift in Sources */,
				C96BD9E623F39D940008CDC8 /* MathHelpers.swift in Sources */,
				C92D91E723C98F9A0067150B /* TwitterDLViewController+ErrorHandler.swift in Sources */,
				C9864982287BB38B00DE65D4 /* NetworkingEpic.swift in Sources */,
				C9F5113223C187150044C61A /* TwitterAPI.swift in Sources */,
				C909550223DD1ED5006FB53C /* AspectFitImageView.swift in Sources */,
				C9F5113E23C28AAF0044C61A /* Array+Convenience.swift in Sources */,
				C96BD9E423F393620008CDC8 /* StringFormatHelpers.swift in Sources */,
				C9F5114023C2BA8C0044C61A /* String+Convenience.swift in Sources */,
				C9E240F42603E2B4008BE153 /* Photos+Rx.swift in Sources */,
				C909550923DE8F4F006FB53C /* RoundedCornerView.swift in Sources */,
				C977FB97287387270038CF82 /* Store+Rx.swift in Sources */,
				C96BD9E023F26E210008CDC8 /* AVPlayer+Rx.swift in Sources */,
			);
			runOnlyForDeploymentPostprocessing = 0;
		};
		C9F5111223C186400044C61A /* Sources */ = {
			isa = PBXSourcesBuildPhase;
			buildActionMask = 2147483647;
			files = (
				C9F5111C23C186400044C61A /* YoutubeDLTests.swift in Sources */,
			);
			runOnlyForDeploymentPostprocessing = 0;
		};
/* End PBXSourcesBuildPhase section */

/* Begin PBXTargetDependency section */
		C9F5111923C186400044C61A /* PBXTargetDependency */ = {
			isa = PBXTargetDependency;
			target = C9F5110C23C186400044C61A /* YoutubeDL */;
			targetProxy = C9F5111823C186400044C61A /* PBXContainerItemProxy */;
		};
/* End PBXTargetDependency section */

/* Begin XCBuildConfiguration section */
		C9F5111F23C186400044C61A /* Debug */ = {
			isa = XCBuildConfiguration;
			buildSettings = {
				ALWAYS_SEARCH_USER_PATHS = NO;
				CLANG_ANALYZER_NONNULL = YES;
				CLANG_ANALYZER_NUMBER_OBJECT_CONVERSION = YES_AGGRESSIVE;
				CLANG_CXX_LANGUAGE_STANDARD = "gnu++14";
				CLANG_CXX_LIBRARY = "libc++";
				CLANG_ENABLE_MODULES = YES;
				CLANG_ENABLE_OBJC_ARC = YES;
				CLANG_ENABLE_OBJC_WEAK = YES;
				CLANG_WARN_BLOCK_CAPTURE_AUTORELEASING = YES;
				CLANG_WARN_BOOL_CONVERSION = YES;
				CLANG_WARN_COMMA = YES;
				CLANG_WARN_CONSTANT_CONVERSION = YES;
				CLANG_WARN_DEPRECATED_OBJC_IMPLEMENTATIONS = YES;
				CLANG_WARN_DIRECT_OBJC_ISA_USAGE = YES_ERROR;
				CLANG_WARN_DOCUMENTATION_COMMENTS = YES;
				CLANG_WARN_EMPTY_BODY = YES;
				CLANG_WARN_ENUM_CONVERSION = YES;
				CLANG_WARN_INFINITE_RECURSION = YES;
				CLANG_WARN_INT_CONVERSION = YES;
				CLANG_WARN_NON_LITERAL_NULL_CONVERSION = YES;
				CLANG_WARN_OBJC_IMPLICIT_RETAIN_SELF = YES;
				CLANG_WARN_OBJC_LITERAL_CONVERSION = YES;
				CLANG_WARN_OBJC_ROOT_CLASS = YES_ERROR;
				CLANG_WARN_QUOTED_INCLUDE_IN_FRAMEWORK_HEADER = YES;
				CLANG_WARN_RANGE_LOOP_ANALYSIS = YES;
				CLANG_WARN_STRICT_PROTOTYPES = YES;
				CLANG_WARN_SUSPICIOUS_MOVE = YES;
				CLANG_WARN_UNGUARDED_AVAILABILITY = YES_AGGRESSIVE;
				CLANG_WARN_UNREACHABLE_CODE = YES;
				CLANG_WARN__DUPLICATE_METHOD_MATCH = YES;
				COPY_PHASE_STRIP = NO;
				CURRENT_PROJECT_VERSION = 1.1;
				DEBUG_INFORMATION_FORMAT = dwarf;
				ENABLE_STRICT_OBJC_MSGSEND = YES;
				ENABLE_TESTABILITY = YES;
				GCC_C_LANGUAGE_STANDARD = gnu11;
				GCC_DYNAMIC_NO_PIC = NO;
				GCC_NO_COMMON_BLOCKS = YES;
				GCC_OPTIMIZATION_LEVEL = 0;
				GCC_PREPROCESSOR_DEFINITIONS = (
					"DEBUG=1",
					"$(inherited)",
				);
				GCC_WARN_64_TO_32_BIT_CONVERSION = YES;
				GCC_WARN_ABOUT_RETURN_TYPE = YES_ERROR;
				GCC_WARN_UNDECLARED_SELECTOR = YES;
				GCC_WARN_UNINITIALIZED_AUTOS = YES_AGGRESSIVE;
				GCC_WARN_UNUSED_FUNCTION = YES;
				GCC_WARN_UNUSED_VARIABLE = YES;
				IPHONEOS_DEPLOYMENT_TARGET = 13.0;
				MTL_ENABLE_DEBUG_INFO = INCLUDE_SOURCE;
				MTL_FAST_MATH = YES;
				ONLY_ACTIVE_ARCH = YES;
				SDKROOT = iphoneos;
				SWIFT_ACTIVE_COMPILATION_CONDITIONS = DEBUG;
				SWIFT_OPTIMIZATION_LEVEL = "-Onone";
				VERSIONING_SYSTEM = "apple-generic";
				VERSION_INFO_PREFIX = "";
			};
			name = Debug;
		};
		C9F5112023C186400044C61A /* Release */ = {
			isa = XCBuildConfiguration;
			buildSettings = {
				ALWAYS_SEARCH_USER_PATHS = NO;
				CLANG_ANALYZER_NONNULL = YES;
				CLANG_ANALYZER_NUMBER_OBJECT_CONVERSION = YES_AGGRESSIVE;
				CLANG_CXX_LANGUAGE_STANDARD = "gnu++14";
				CLANG_CXX_LIBRARY = "libc++";
				CLANG_ENABLE_MODULES = YES;
				CLANG_ENABLE_OBJC_ARC = YES;
				CLANG_ENABLE_OBJC_WEAK = YES;
				CLANG_WARN_BLOCK_CAPTURE_AUTORELEASING = YES;
				CLANG_WARN_BOOL_CONVERSION = YES;
				CLANG_WARN_COMMA = YES;
				CLANG_WARN_CONSTANT_CONVERSION = YES;
				CLANG_WARN_DEPRECATED_OBJC_IMPLEMENTATIONS = YES;
				CLANG_WARN_DIRECT_OBJC_ISA_USAGE = YES_ERROR;
				CLANG_WARN_DOCUMENTATION_COMMENTS = YES;
				CLANG_WARN_EMPTY_BODY = YES;
				CLANG_WARN_ENUM_CONVERSION = YES;
				CLANG_WARN_INFINITE_RECURSION = YES;
				CLANG_WARN_INT_CONVERSION = YES;
				CLANG_WARN_NON_LITERAL_NULL_CONVERSION = YES;
				CLANG_WARN_OBJC_IMPLICIT_RETAIN_SELF = YES;
				CLANG_WARN_OBJC_LITERAL_CONVERSION = YES;
				CLANG_WARN_OBJC_ROOT_CLASS = YES_ERROR;
				CLANG_WARN_QUOTED_INCLUDE_IN_FRAMEWORK_HEADER = YES;
				CLANG_WARN_RANGE_LOOP_ANALYSIS = YES;
				CLANG_WARN_STRICT_PROTOTYPES = YES;
				CLANG_WARN_SUSPICIOUS_MOVE = YES;
				CLANG_WARN_UNGUARDED_AVAILABILITY = YES_AGGRESSIVE;
				CLANG_WARN_UNREACHABLE_CODE = YES;
				CLANG_WARN__DUPLICATE_METHOD_MATCH = YES;
				COPY_PHASE_STRIP = NO;
				CURRENT_PROJECT_VERSION = 1.1;
				DEBUG_INFORMATION_FORMAT = "dwarf-with-dsym";
				ENABLE_NS_ASSERTIONS = NO;
				ENABLE_STRICT_OBJC_MSGSEND = YES;
				GCC_C_LANGUAGE_STANDARD = gnu11;
				GCC_NO_COMMON_BLOCKS = YES;
				GCC_WARN_64_TO_32_BIT_CONVERSION = YES;
				GCC_WARN_ABOUT_RETURN_TYPE = YES_ERROR;
				GCC_WARN_UNDECLARED_SELECTOR = YES;
				GCC_WARN_UNINITIALIZED_AUTOS = YES_AGGRESSIVE;
				GCC_WARN_UNUSED_FUNCTION = YES;
				GCC_WARN_UNUSED_VARIABLE = YES;
				IPHONEOS_DEPLOYMENT_TARGET = 13.0;
				MTL_ENABLE_DEBUG_INFO = NO;
				MTL_FAST_MATH = YES;
				SDKROOT = iphoneos;
				SWIFT_COMPILATION_MODE = wholemodule;
				SWIFT_OPTIMIZATION_LEVEL = "-O";
				VALIDATE_PRODUCT = YES;
				VERSIONING_SYSTEM = "apple-generic";
				VERSION_INFO_PREFIX = "";
			};
			name = Release;
		};
		C9F5112223C186400044C61A /* Debug */ = {
			isa = XCBuildConfiguration;
			buildSettings = {
				APPLICATION_EXTENSION_API_ONLY = YES;
				CLANG_ENABLE_MODULES = YES;
				CODE_SIGN_STYLE = Automatic;
				DEFINES_MODULE = YES;
				DEVELOPMENT_TEAM = GQZFDKJ72B;
				DYLIB_COMPATIBILITY_VERSION = 1;
				DYLIB_CURRENT_VERSION = 1;
				DYLIB_INSTALL_NAME_BASE = "@rpath";
				INFOPLIST_FILE = Info.plist;
				INSTALL_PATH = "$(LOCAL_LIBRARY_DIR)/Frameworks";
				IPHONEOS_DEPLOYMENT_TARGET = 13.0;
				LD_RUNPATH_SEARCH_PATHS = (
					"$(inherited)",
					"@executable_path/Frameworks",
					"@loader_path/Frameworks",
				);
				PRODUCT_BUNDLE_IDENTIFIER = com.memefolder.YoutubeDL;
				PRODUCT_NAME = "$(TARGET_NAME:c99extidentifier)";
				SKIP_INSTALL = YES;
				SWIFT_OPTIMIZATION_LEVEL = "-Onone";
				SWIFT_VERSION = 5.0;
				TARGETED_DEVICE_FAMILY = "1,2";
			};
			name = Debug;
		};
		C9F5112323C186400044C61A /* Release */ = {
			isa = XCBuildConfiguration;
			buildSettings = {
				APPLICATION_EXTENSION_API_ONLY = YES;
				CLANG_ENABLE_MODULES = YES;
				CODE_SIGN_STYLE = Automatic;
				DEFINES_MODULE = YES;
				DEVELOPMENT_TEAM = GQZFDKJ72B;
				DYLIB_COMPATIBILITY_VERSION = 1;
				DYLIB_CURRENT_VERSION = 1;
				DYLIB_INSTALL_NAME_BASE = "@rpath";
				INFOPLIST_FILE = Info.plist;
				INSTALL_PATH = "$(LOCAL_LIBRARY_DIR)/Frameworks";
				IPHONEOS_DEPLOYMENT_TARGET = 13.0;
				LD_RUNPATH_SEARCH_PATHS = (
					"$(inherited)",
					"@executable_path/Frameworks",
					"@loader_path/Frameworks",
				);
				PRODUCT_BUNDLE_IDENTIFIER = com.memefolder.YoutubeDL;
				PRODUCT_NAME = "$(TARGET_NAME:c99extidentifier)";
				SKIP_INSTALL = YES;
				SWIFT_VERSION = 5.0;
				TARGETED_DEVICE_FAMILY = "1,2";
			};
			name = Release;
		};
		C9F5112523C186400044C61A /* Debug */ = {
			isa = XCBuildConfiguration;
			buildSettings = {
				ALWAYS_EMBED_SWIFT_STANDARD_LIBRARIES = YES;
				CODE_SIGN_STYLE = Automatic;
				DEVELOPMENT_TEAM = GQZFDKJ72B;
				INFOPLIST_FILE = YoutubeDLTests/Info.plist;
				IPHONEOS_DEPLOYMENT_TARGET = "$(inherited)";
				LD_RUNPATH_SEARCH_PATHS = (
					"$(inherited)",
					"@executable_path/Frameworks",
					"@loader_path/Frameworks",
				);
				MACOSX_DEPLOYMENT_TARGET = "$(inherited)";
				PRODUCT_BUNDLE_IDENTIFIER = com.memefolder.YoutubeDLTests;
				PRODUCT_NAME = "$(TARGET_NAME)";
				SWIFT_VERSION = 5.0;
				TARGETED_DEVICE_FAMILY = "1,2";
			};
			name = Debug;
		};
		C9F5112623C186400044C61A /* Release */ = {
			isa = XCBuildConfiguration;
			buildSettings = {
				ALWAYS_EMBED_SWIFT_STANDARD_LIBRARIES = YES;
				CODE_SIGN_STYLE = Automatic;
				DEVELOPMENT_TEAM = GQZFDKJ72B;
				INFOPLIST_FILE = YoutubeDLTests/Info.plist;
				IPHONEOS_DEPLOYMENT_TARGET = "$(inherited)";
				LD_RUNPATH_SEARCH_PATHS = (
					"$(inherited)",
					"@executable_path/Frameworks",
					"@loader_path/Frameworks",
				);
				MACOSX_DEPLOYMENT_TARGET = "$(inherited)";
				PRODUCT_BUNDLE_IDENTIFIER = com.memefolder.YoutubeDLTests;
				PRODUCT_NAME = "$(TARGET_NAME)";
				SWIFT_VERSION = 5.0;
				TARGETED_DEVICE_FAMILY = "1,2";
			};
			name = Release;
		};
/* End XCBuildConfiguration section */

/* Begin XCConfigurationList section */
		C9F5110723C186400044C61A /* Build configuration list for PBXProject "YoutubeDL" */ = {
			isa = XCConfigurationList;
			buildConfigurations = (
				C9F5111F23C186400044C61A /* Debug */,
				C9F5112023C186400044C61A /* Release */,
			);
			defaultConfigurationIsVisible = 0;
			defaultConfigurationName = Release;
		};
		C9F5112123C186400044C61A /* Build configuration list for PBXNativeTarget "YoutubeDL" */ = {
			isa = XCConfigurationList;
			buildConfigurations = (
				C9F5112223C186400044C61A /* Debug */,
				C9F5112323C186400044C61A /* Release */,
			);
			defaultConfigurationIsVisible = 0;
			defaultConfigurationName = Release;
		};
		C9F5112423C186400044C61A /* Build configuration list for PBXNativeTarget "YoutubeDLTests" */ = {
			isa = XCConfigurationList;
			buildConfigurations = (
				C9F5112523C186400044C61A /* Debug */,
				C9F5112623C186400044C61A /* Release */,
			);
			defaultConfigurationIsVisible = 0;
			defaultConfigurationName = Release;
		};
/* End XCConfigurationList section */

/* Begin XCRemoteSwiftPackageReference section */
		C922D72C287FA9800032C517 /* XCRemoteSwiftPackageReference "RxAlamofire" */ = {
			isa = XCRemoteSwiftPackageReference;
			repositoryURL = "https://github.com/RxSwiftCommunity/RxAlamofire";
			requirement = {
				branch = "rxswift-6.0";
				kind = branch;
			};
		};
		C927E75625C78F4B00F835C1 /* XCRemoteSwiftPackageReference "RxBiBinding" */ = {
			isa = XCRemoteSwiftPackageReference;
			repositoryURL = "https://github.com/RxSwiftCommunity/RxBiBinding";
			requirement = {
				kind = upToNextMajorVersion;
				minimumVersion = 0.3.5;
			};
		};
		C927E76D25C8A83500F835C1 /* XCRemoteSwiftPackageReference "SwiftyJSON" */ = {
			isa = XCRemoteSwiftPackageReference;
			repositoryURL = "https://github.com/DenTelezhkin/SwiftyJSON";
			requirement = {
				branch = "xcode-12";
				kind = branch;
			};
		};
		C955E135289366E200F136FD /* XCRemoteSwiftPackageReference "NukeUI" */ = {
			isa = XCRemoteSwiftPackageReference;
			repositoryURL = "https://github.com/kean/NukeUI";
			requirement = {
				kind = upToNextMajorVersion;
				minimumVersion = 0.8.3;
			};
		};
		C977FB8B286D2D580038CF82 /* XCRemoteSwiftPackageReference "ReSwift" */ = {
			isa = XCRemoteSwiftPackageReference;
			repositoryURL = "https://github.com/ReSwift/ReSwift";
			requirement = {
				kind = upToNextMajorVersion;
				minimumVersion = 6.0.0;
			};
		};
		C983424028B0622D0053886B /* XCRemoteSwiftPackageReference "RxDataSources" */ = {
			isa = XCRemoteSwiftPackageReference;
			repositoryURL = "https://github.com/RxSwiftCommunity/RxDataSources";
			requirement = {
				kind = upToNextMajorVersion;
				minimumVersion = 5.0.0;
			};
		};
		C986497A287A8BE600DE65D4 /* XCRemoteSwiftPackageReference "R.swift" */ = {
			isa = XCRemoteSwiftPackageReference;
			repositoryURL = "https://github.com/mac-cain13/R.swift.Library";
			requirement = {
				branch = master;
				kind = branch;
			};
		};
		C9A6B22E23E663420005A41B /* XCRemoteSwiftPackageReference "RxSwift" */ = {
			isa = XCRemoteSwiftPackageReference;
			repositoryURL = "git@github.com:ReactiveX/RxSwift.git";
			requirement = {
				kind = upToNextMajorVersion;
				minimumVersion = 6.0.0;
			};
		};
		C9C75DD925B947DB00764114 /* XCRemoteSwiftPackageReference "NSObject-Rx" */ = {
			isa = XCRemoteSwiftPackageReference;
			repositoryURL = "https://github.com/RxSwiftCommunity/NSObject-Rx";
			requirement = {
				kind = upToNextMajorVersion;
				minimumVersion = 5.2.0;
			};
		};
		C9EA02402888D72E0076C263 /* XCRemoteSwiftPackageReference "RxAnimated" */ = {
			isa = XCRemoteSwiftPackageReference;
			repositoryURL = "https://github.com/RxSwiftCommunity/RxAnimated";
			requirement = {
				kind = upToNextMajorVersion;
				minimumVersion = 0.9.0;
			};
		};
/* End XCRemoteSwiftPackageReference section */

/* Begin XCSwiftPackageProductDependency section */
		C922D72D287FA9800032C517 /* RxAlamofire */ = {
			isa = XCSwiftPackageProductDependency;
			package = C922D72C287FA9800032C517 /* XCRemoteSwiftPackageReference "RxAlamofire" */;
			productName = RxAlamofire;
		};
		C927E75725C78F4C00F835C1 /* RxBiBinding */ = {
			isa = XCSwiftPackageProductDependency;
			package = C927E75625C78F4B00F835C1 /* XCRemoteSwiftPackageReference "RxBiBinding" */;
			productName = RxBiBinding;
		};
		C927E76E25C8A83500F835C1 /* SwiftyJSON */ = {
			isa = XCSwiftPackageProductDependency;
			package = C927E76D25C8A83500F835C1 /* XCRemoteSwiftPackageReference "SwiftyJSON" */;
			productName = SwiftyJSON;
		};
		C955E136289366E200F136FD /* NukeUI */ = {
			isa = XCSwiftPackageProductDependency;
			package = C955E135289366E200F136FD /* XCRemoteSwiftPackageReference "NukeUI" */;
			productName = NukeUI;
		};
		C977FB8C286D2D580038CF82 /* ReSwift */ = {
			isa = XCSwiftPackageProductDependency;
			package = C977FB8B286D2D580038CF82 /* XCRemoteSwiftPackageReference "ReSwift" */;
			productName = ReSwift;
		};
		C983424128B0622D0053886B /* Differentiator */ = {
			isa = XCSwiftPackageProductDependency;
			package = C983424028B0622D0053886B /* XCRemoteSwiftPackageReference "RxDataSources" */;
			productName = Differentiator;
		};
		C983424328B0622D0053886B /* RxDataSources */ = {
			isa = XCSwiftPackageProductDependency;
			package = C983424028B0622D0053886B /* XCRemoteSwiftPackageReference "RxDataSources" */;
			productName = RxDataSources;
		};
		C986497B287A8BE700DE65D4 /* Rswift */ = {
			isa = XCSwiftPackageProductDependency;
			package = C986497A287A8BE600DE65D4 /* XCRemoteSwiftPackageReference "R.swift" */;
			productName = Rswift;
		};
		C9A6B22F23E663420005A41B /* RxSwift */ = {
			isa = XCSwiftPackageProductDependency;
			package = C9A6B22E23E663420005A41B /* XCRemoteSwiftPackageReference "RxSwift" */;
			productName = RxSwift;
		};
		C9A6B23123E663420005A41B /* RxTest */ = {
			isa = XCSwiftPackageProductDependency;
			package = C9A6B22E23E663420005A41B /* XCRemoteSwiftPackageReference "RxSwift" */;
			productName = RxTest;
		};
		C9A6B23323E663420005A41B /* RxRelay */ = {
			isa = XCSwiftPackageProductDependency;
			package = C9A6B22E23E663420005A41B /* XCRemoteSwiftPackageReference "RxSwift" */;
			productName = RxRelay;
		};
		C9A6B23523E663420005A41B /* RxCocoa */ = {
			isa = XCSwiftPackageProductDependency;
			package = C9A6B22E23E663420005A41B /* XCRemoteSwiftPackageReference "RxSwift" */;
			productName = RxCocoa;
		};
		C9A6B23723E663420005A41B /* RxBlocking */ = {
			isa = XCSwiftPackageProductDependency;
			package = C9A6B22E23E663420005A41B /* XCRemoteSwiftPackageReference "RxSwift" */;
			productName = RxBlocking;
		};
		C9C75DDA25B947DB00764114 /* NSObject-Rx */ = {
			isa = XCSwiftPackageProductDependency;
			package = C9C75DD925B947DB00764114 /* XCRemoteSwiftPackageReference "NSObject-Rx" */;
			productName = "NSObject-Rx";
		};
		C9EA02412888D72E0076C263 /* RxAnimated */ = {
			isa = XCSwiftPackageProductDependency;
			package = C9EA02402888D72E0076C263 /* XCRemoteSwiftPackageReference "RxAnimated" */;
			productName = RxAnimated;
		};
		C9EA02432888D72E0076C263 /* RxCocoaRuntime */ = {
			isa = XCSwiftPackageProductDependency;
			package = C9EA02402888D72E0076C263 /* XCRemoteSwiftPackageReference "RxAnimated" */;
			productName = RxCocoaRuntime;
		};
/* End XCSwiftPackageProductDependency section */
	};
	rootObject = C9F5110423C186400044C61A /* Project object */;
}
