// !$*UTF8*$!
{
	archiveVersion = 1;
	classes = {
	};
	objectVersion = 50;
	objects = {

/* Begin PBXBuildFile section */
		C92D91ED23C999010067150B /* InitialViewController.swift in Sources */ = {isa = PBXBuildFile; fileRef = C92D91EC23C999010067150B /* InitialViewController.swift */; };
		C9388A9023FE5208002E2BC2 /* YoutubeDL.framework in Frameworks */ = {isa = PBXBuildFile; fileRef = C9F5112D23C186410044C61A /* YoutubeDL.framework */; };
		C93B407E25CCB01100E703BA /* PhotoModel.swift in Sources */ = {isa = PBXBuildFile; fileRef = C93B407D25CCB01100E703BA /* PhotoModel.swift */; };
		C9F5110123C17B770044C61A /* YoutubeDL.framework in Frameworks */ = {isa = PBXBuildFile; fileRef = C9F5110023C17B770044C61A /* YoutubeDL.framework */; };
		C9F5110223C17B770044C61A /* YoutubeDL.framework in Embed Frameworks */ = {isa = PBXBuildFile; fileRef = C9F5110023C17B770044C61A /* YoutubeDL.framework */; settings = {ATTRIBUTES = (CodeSignOnCopy, RemoveHeadersOnCopy, ); }; };
		C9F5114223C2CAA40044C61A /* GoogleService-Info.plist in Resources */ = {isa = PBXBuildFile; fileRef = C9F5114123C2CAA30044C61A /* GoogleService-Info.plist */; };
		C9F5114323C2CAA40044C61A /* GoogleService-Info.plist in Resources */ = {isa = PBXBuildFile; fileRef = C9F5114123C2CAA30044C61A /* GoogleService-Info.plist */; };
		C9F6E50625D0970000F115B3 /* TestViewController.swift in Sources */ = {isa = PBXBuildFile; fileRef = C9F6E50425D0970000F115B3 /* TestViewController.swift */; };
		C9F6E50F25D330ED00F115B3 /* RecentImageCollectionMediatingView.swift in Sources */ = {isa = PBXBuildFile; fileRef = C9F6E50D25D330ED00F115B3 /* RecentImageCollectionMediatingView.swift */; };
		C9F6E51025D330ED00F115B3 /* RecentImageCollectionMediatingView.xib in Resources */ = {isa = PBXBuildFile; fileRef = C9F6E50E25D330ED00F115B3 /* RecentImageCollectionMediatingView.xib */; };
		C9F6E52325D33BB400F115B3 /* ImageCell.swift in Sources */ = {isa = PBXBuildFile; fileRef = C9F6E52125D33BB400F115B3 /* ImageCell.swift */; };
		C9F6E52425D33BB400F115B3 /* ImageCell.xib in Resources */ = {isa = PBXBuildFile; fileRef = C9F6E52225D33BB400F115B3 /* ImageCell.xib */; };
		C9FD9D7323BFF14B007A7FA4 /* AppDelegate.swift in Sources */ = {isa = PBXBuildFile; fileRef = C9FD9D7223BFF14B007A7FA4 /* AppDelegate.swift */; };
		C9FD9D7A23BFF14B007A7FA4 /* Main.storyboard in Resources */ = {isa = PBXBuildFile; fileRef = C9FD9D7823BFF14B007A7FA4 /* Main.storyboard */; };
		C9FD9D7C23BFF155007A7FA4 /* AppIcons.xcassets in Resources */ = {isa = PBXBuildFile; fileRef = C9FD9D7B23BFF155007A7FA4 /* AppIcons.xcassets */; };
		C9FD9D7F23BFF155007A7FA4 /* LaunchScreen.storyboard in Resources */ = {isa = PBXBuildFile; fileRef = C9FD9D7D23BFF155007A7FA4 /* LaunchScreen.storyboard */; };
		C9FD9D8A23BFF155007A7FA4 /* memefolderTests.swift in Sources */ = {isa = PBXBuildFile; fileRef = C9FD9D8923BFF155007A7FA4 /* memefolderTests.swift */; };
		C9FD9D9523BFF156007A7FA4 /* memefolderUITests.swift in Sources */ = {isa = PBXBuildFile; fileRef = C9FD9D9423BFF156007A7FA4 /* memefolderUITests.swift */; };
		C9FD9DA923C00D45007A7FA4 /* ShareViewController.swift in Sources */ = {isa = PBXBuildFile; fileRef = C9FD9DA823C00D45007A7FA4 /* ShareViewController.swift */; };
		C9FD9DAC23C00D45007A7FA4 /* MainInterface.storyboard in Resources */ = {isa = PBXBuildFile; fileRef = C9FD9DAA23C00D45007A7FA4 /* MainInterface.storyboard */; };
		C9FD9DB023C00D46007A7FA4 /* shareExtension.appex in Embed App Extensions */ = {isa = PBXBuildFile; fileRef = C9FD9DA623C00D44007A7FA4 /* shareExtension.appex */; settings = {ATTRIBUTES = (RemoveHeadersOnCopy, ); }; };
/* End PBXBuildFile section */

/* Begin PBXContainerItemProxy section */
		C9F5112C23C186410044C61A /* PBXContainerItemProxy */ = {
			isa = PBXContainerItemProxy;
			containerPortal = C9F5112723C186400044C61A /* YoutubeDL.xcodeproj */;
			proxyType = 2;
			remoteGlobalIDString = C9F5110D23C186400044C61A;
			remoteInfo = YoutubeDL;
		};
		C9F5112E23C186410044C61A /* PBXContainerItemProxy */ = {
			isa = PBXContainerItemProxy;
			containerPortal = C9F5112723C186400044C61A /* YoutubeDL.xcodeproj */;
			proxyType = 2;
			remoteGlobalIDString = C9F5111623C186400044C61A;
			remoteInfo = YoutubeDLTests;
		};
		C9FD9D8623BFF155007A7FA4 /* PBXContainerItemProxy */ = {
			isa = PBXContainerItemProxy;
			containerPortal = C9FD9D6723BFF14B007A7FA4 /* Project object */;
			proxyType = 1;
			remoteGlobalIDString = C9FD9D6E23BFF14B007A7FA4;
			remoteInfo = memefolder;
		};
		C9FD9D9123BFF156007A7FA4 /* PBXContainerItemProxy */ = {
			isa = PBXContainerItemProxy;
			containerPortal = C9FD9D6723BFF14B007A7FA4 /* Project object */;
			proxyType = 1;
			remoteGlobalIDString = C9FD9D6E23BFF14B007A7FA4;
			remoteInfo = memefolder;
		};
		C9FD9DAE23C00D46007A7FA4 /* PBXContainerItemProxy */ = {
			isa = PBXContainerItemProxy;
			containerPortal = C9FD9D6723BFF14B007A7FA4 /* Project object */;
			proxyType = 1;
			remoteGlobalIDString = C9FD9DA523C00D44007A7FA4;
			remoteInfo = shareExtension;
		};
/* End PBXContainerItemProxy section */

/* Begin PBXCopyFilesBuildPhase section */
		C97DA0AD23C15FB800AF0131 /* Embed Frameworks */ = {
			isa = PBXCopyFilesBuildPhase;
			buildActionMask = 2147483647;
			dstPath = "";
			dstSubfolderSpec = 10;
			files = (
				C9F5110223C17B770044C61A /* YoutubeDL.framework in Embed Frameworks */,
			);
			name = "Embed Frameworks";
			runOnlyForDeploymentPostprocessing = 0;
		};
		C97DA0B023C15FC000AF0131 /* Embed Frameworks */ = {
			isa = PBXCopyFilesBuildPhase;
			buildActionMask = 2147483647;
			dstPath = "";
			dstSubfolderSpec = 10;
			files = (
			);
			name = "Embed Frameworks";
			runOnlyForDeploymentPostprocessing = 0;
		};
		C9FD9DB423C00D46007A7FA4 /* Embed App Extensions */ = {
			isa = PBXCopyFilesBuildPhase;
			buildActionMask = 2147483647;
			dstPath = "";
			dstSubfolderSpec = 13;
			files = (
				C9FD9DB023C00D46007A7FA4 /* shareExtension.appex in Embed App Extensions */,
			);
			name = "Embed App Extensions";
			runOnlyForDeploymentPostprocessing = 0;
		};
/* End PBXCopyFilesBuildPhase section */

/* Begin PBXFileReference section */
		C92D91EC23C999010067150B /* InitialViewController.swift */ = {isa = PBXFileReference; lastKnownFileType = sourcecode.swift; path = InitialViewController.swift; sourceTree = "<group>"; };
		C93B407D25CCB01100E703BA /* PhotoModel.swift */ = {isa = PBXFileReference; lastKnownFileType = sourcecode.swift; path = PhotoModel.swift; sourceTree = "<group>"; };
		C9F5110023C17B770044C61A /* YoutubeDL.framework */ = {isa = PBXFileReference; explicitFileType = wrapper.framework; path = YoutubeDL.framework; sourceTree = BUILT_PRODUCTS_DIR; };
		C9F5112723C186400044C61A /* YoutubeDL.xcodeproj */ = {isa = PBXFileReference; lastKnownFileType = "wrapper.pb-project"; name = YoutubeDL.xcodeproj; path = YoutubeDL/YoutubeDL.xcodeproj; sourceTree = "<group>"; };
		C9F5114123C2CAA30044C61A /* GoogleService-Info.plist */ = {isa = PBXFileReference; fileEncoding = 4; lastKnownFileType = text.plist.xml; path = "GoogleService-Info.plist"; sourceTree = "<group>"; };
		C9F6E50425D0970000F115B3 /* TestViewController.swift */ = {isa = PBXFileReference; lastKnownFileType = sourcecode.swift; path = TestViewController.swift; sourceTree = "<group>"; };
		C9F6E50D25D330ED00F115B3 /* RecentImageCollectionMediatingView.swift */ = {isa = PBXFileReference; lastKnownFileType = sourcecode.swift; path = RecentImageCollectionMediatingView.swift; sourceTree = "<group>"; };
		C9F6E50E25D330ED00F115B3 /* RecentImageCollectionMediatingView.xib */ = {isa = PBXFileReference; lastKnownFileType = file.xib; path = RecentImageCollectionMediatingView.xib; sourceTree = "<group>"; };
		C9F6E52125D33BB400F115B3 /* ImageCell.swift */ = {isa = PBXFileReference; lastKnownFileType = sourcecode.swift; path = ImageCell.swift; sourceTree = "<group>"; };
		C9F6E52225D33BB400F115B3 /* ImageCell.xib */ = {isa = PBXFileReference; lastKnownFileType = file.xib; path = ImageCell.xib; sourceTree = "<group>"; };
		C9FD9D6F23BFF14B007A7FA4 /* Meme Folder.app */ = {isa = PBXFileReference; explicitFileType = wrapper.application; includeInIndex = 0; path = "Meme Folder.app"; sourceTree = BUILT_PRODUCTS_DIR; };
		C9FD9D7223BFF14B007A7FA4 /* AppDelegate.swift */ = {isa = PBXFileReference; lastKnownFileType = sourcecode.swift; path = AppDelegate.swift; sourceTree = "<group>"; };
		C9FD9D7923BFF14B007A7FA4 /* Base */ = {isa = PBXFileReference; lastKnownFileType = file.storyboard; name = Base; path = Base.lproj/Main.storyboard; sourceTree = "<group>"; };
		C9FD9D7B23BFF155007A7FA4 /* AppIcons.xcassets */ = {isa = PBXFileReference; lastKnownFileType = folder.assetcatalog; path = AppIcons.xcassets; sourceTree = "<group>"; };
		C9FD9D7E23BFF155007A7FA4 /* Base */ = {isa = PBXFileReference; lastKnownFileType = file.storyboard; name = Base; path = Base.lproj/LaunchScreen.storyboard; sourceTree = "<group>"; };
		C9FD9D8023BFF155007A7FA4 /* Info.plist */ = {isa = PBXFileReference; lastKnownFileType = text.plist.xml; path = Info.plist; sourceTree = "<group>"; };
		C9FD9D8523BFF155007A7FA4 /* memefolderTests.xctest */ = {isa = PBXFileReference; explicitFileType = wrapper.cfbundle; includeInIndex = 0; path = memefolderTests.xctest; sourceTree = BUILT_PRODUCTS_DIR; };
		C9FD9D8923BFF155007A7FA4 /* memefolderTests.swift */ = {isa = PBXFileReference; lastKnownFileType = sourcecode.swift; path = memefolderTests.swift; sourceTree = "<group>"; };
		C9FD9D8B23BFF156007A7FA4 /* Info.plist */ = {isa = PBXFileReference; lastKnownFileType = text.plist.xml; path = Info.plist; sourceTree = "<group>"; };
		C9FD9D9023BFF156007A7FA4 /* memefolderUITests.xctest */ = {isa = PBXFileReference; explicitFileType = wrapper.cfbundle; includeInIndex = 0; path = memefolderUITests.xctest; sourceTree = BUILT_PRODUCTS_DIR; };
		C9FD9D9423BFF156007A7FA4 /* memefolderUITests.swift */ = {isa = PBXFileReference; lastKnownFileType = sourcecode.swift; path = memefolderUITests.swift; sourceTree = "<group>"; };
		C9FD9D9623BFF156007A7FA4 /* Info.plist */ = {isa = PBXFileReference; lastKnownFileType = text.plist.xml; path = Info.plist; sourceTree = "<group>"; };
		C9FD9DA623C00D44007A7FA4 /* shareExtension.appex */ = {isa = PBXFileReference; explicitFileType = "wrapper.app-extension"; includeInIndex = 0; path = shareExtension.appex; sourceTree = BUILT_PRODUCTS_DIR; };
		C9FD9DA823C00D45007A7FA4 /* ShareViewController.swift */ = {isa = PBXFileReference; lastKnownFileType = sourcecode.swift; path = ShareViewController.swift; sourceTree = "<group>"; };
		C9FD9DAB23C00D45007A7FA4 /* Base */ = {isa = PBXFileReference; lastKnownFileType = file.storyboard; name = Base; path = Base.lproj/MainInterface.storyboard; sourceTree = "<group>"; };
		C9FD9DAD23C00D45007A7FA4 /* Info.plist */ = {isa = PBXFileReference; lastKnownFileType = text.plist.xml; path = Info.plist; sourceTree = "<group>"; };
		C9FD9DB723C01047007A7FA4 /* memefolder.entitlements */ = {isa = PBXFileReference; lastKnownFileType = text.plist.entitlements; path = memefolder.entitlements; sourceTree = "<group>"; };
		C9FD9DB823C01074007A7FA4 /* shareExtension.entitlements */ = {isa = PBXFileReference; lastKnownFileType = text.plist.entitlements; path = shareExtension.entitlements; sourceTree = "<group>"; };
/* End PBXFileReference section */

/* Begin PBXFrameworksBuildPhase section */
		C9FD9D6C23BFF14B007A7FA4 /* Frameworks */ = {
			isa = PBXFrameworksBuildPhase;
			buildActionMask = 2147483647;
			files = (
				C9F5110123C17B770044C61A /* YoutubeDL.framework in Frameworks */,
			);
			runOnlyForDeploymentPostprocessing = 0;
		};
		C9FD9D8223BFF155007A7FA4 /* Frameworks */ = {
			isa = PBXFrameworksBuildPhase;
			buildActionMask = 2147483647;
			files = (
			);
			runOnlyForDeploymentPostprocessing = 0;
		};
		C9FD9D8D23BFF156007A7FA4 /* Frameworks */ = {
			isa = PBXFrameworksBuildPhase;
			buildActionMask = 2147483647;
			files = (
			);
			runOnlyForDeploymentPostprocessing = 0;
		};
		C9FD9DA323C00D44007A7FA4 /* Frameworks */ = {
			isa = PBXFrameworksBuildPhase;
			buildActionMask = 2147483647;
			files = (
				C9388A9023FE5208002E2BC2 /* YoutubeDL.framework in Frameworks */,
			);
			runOnlyForDeploymentPostprocessing = 0;
		};
/* End PBXFrameworksBuildPhase section */

/* Begin PBXGroup section */
		C92D91EA23C998ED0067150B /* controllers */ = {
			isa = PBXGroup;
			children = (
				C92D91EC23C999010067150B /* InitialViewController.swift */,
				C9F6E50425D0970000F115B3 /* TestViewController.swift */,
			);
			path = controllers;
			sourceTree = "<group>";
		};
		C93B407C25CCAFFC00E703BA /* models */ = {
			isa = PBXGroup;
			children = (
				C93B407D25CCB01100E703BA /* PhotoModel.swift */,
			);
			path = models;
			sourceTree = "<group>";
		};
		C94241D123C12529000FD14E /* Frameworks */ = {
			isa = PBXGroup;
			children = (
				C9F5110023C17B770044C61A /* YoutubeDL.framework */,
			);
			name = Frameworks;
			sourceTree = "<group>";
		};
		C9F5112823C186400044C61A /* Products */ = {
			isa = PBXGroup;
			children = (
				C9F5112D23C186410044C61A /* YoutubeDL.framework */,
				C9F5112F23C186410044C61A /* YoutubeDLTests.xctest */,
			);
			name = Products;
			sourceTree = "<group>";
		};
		C9F6E50C25D330AF00F115B3 /* mediators */ = {
			isa = PBXGroup;
			children = (
				C9F6E50D25D330ED00F115B3 /* RecentImageCollectionMediatingView.swift */,
				C9F6E50E25D330ED00F115B3 /* RecentImageCollectionMediatingView.xib */,
				C9F6E52125D33BB400F115B3 /* ImageCell.swift */,
				C9F6E52225D33BB400F115B3 /* ImageCell.xib */,
			);
			path = mediators;
			sourceTree = "<group>";
		};
		C9FD9D6623BFF14B007A7FA4 = {
			isa = PBXGroup;
			children = (
				C9F5114123C2CAA30044C61A /* GoogleService-Info.plist */,
				C9F5112723C186400044C61A /* YoutubeDL.xcodeproj */,
				C9FD9D7123BFF14B007A7FA4 /* memefolder */,
				C9FD9D8823BFF155007A7FA4 /* memefolderTests */,
				C9FD9D9323BFF156007A7FA4 /* memefolderUITests */,
				C9FD9DA723C00D45007A7FA4 /* shareExtension */,
				C9FD9D7023BFF14B007A7FA4 /* Products */,
				C94241D123C12529000FD14E /* Frameworks */,
			);
			indentWidth = 4;
			sourceTree = "<group>";
			tabWidth = 4;
		};
		C9FD9D7023BFF14B007A7FA4 /* Products */ = {
			isa = PBXGroup;
			children = (
				C9FD9D6F23BFF14B007A7FA4 /* Meme Folder.app */,
				C9FD9D8523BFF155007A7FA4 /* memefolderTests.xctest */,
				C9FD9D9023BFF156007A7FA4 /* memefolderUITests.xctest */,
				C9FD9DA623C00D44007A7FA4 /* shareExtension.appex */,
			);
			name = Products;
			sourceTree = "<group>";
		};
		C9FD9D7123BFF14B007A7FA4 /* memefolder */ = {
			isa = PBXGroup;
			children = (
				C9F6E50C25D330AF00F115B3 /* mediators */,
				C93B407C25CCAFFC00E703BA /* models */,
				C92D91EA23C998ED0067150B /* controllers */,
				C9FD9DB723C01047007A7FA4 /* memefolder.entitlements */,
				C9FD9D7223BFF14B007A7FA4 /* AppDelegate.swift */,
				C9FD9D7823BFF14B007A7FA4 /* Main.storyboard */,
				C9FD9D7B23BFF155007A7FA4 /* AppIcons.xcassets */,
				C9FD9D7D23BFF155007A7FA4 /* LaunchScreen.storyboard */,
				C9FD9D8023BFF155007A7FA4 /* Info.plist */,
			);
			path = memefolder;
			sourceTree = "<group>";
		};
		C9FD9D8823BFF155007A7FA4 /* memefolderTests */ = {
			isa = PBXGroup;
			children = (
				C9FD9D8923BFF155007A7FA4 /* memefolderTests.swift */,
				C9FD9D8B23BFF156007A7FA4 /* Info.plist */,
			);
			path = memefolderTests;
			sourceTree = "<group>";
		};
		C9FD9D9323BFF156007A7FA4 /* memefolderUITests */ = {
			isa = PBXGroup;
			children = (
				C9FD9D9423BFF156007A7FA4 /* memefolderUITests.swift */,
				C9FD9D9623BFF156007A7FA4 /* Info.plist */,
			);
			path = memefolderUITests;
			sourceTree = "<group>";
		};
		C9FD9DA723C00D45007A7FA4 /* shareExtension */ = {
			isa = PBXGroup;
			children = (
				C9FD9DB823C01074007A7FA4 /* shareExtension.entitlements */,
				C9FD9DA823C00D45007A7FA4 /* ShareViewController.swift */,
				C9FD9DAA23C00D45007A7FA4 /* MainInterface.storyboard */,
				C9FD9DAD23C00D45007A7FA4 /* Info.plist */,
			);
			path = shareExtension;
			sourceTree = "<group>";
		};
/* End PBXGroup section */

/* Begin PBXNativeTarget section */
		C9FD9D6E23BFF14B007A7FA4 /* memefolder */ = {
			isa = PBXNativeTarget;
			buildConfigurationList = C9FD9D9923BFF156007A7FA4 /* Build configuration list for PBXNativeTarget "memefolder" */;
			buildPhases = (
				C9FD9D6B23BFF14B007A7FA4 /* Sources */,
				C9FD9D6C23BFF14B007A7FA4 /* Frameworks */,
				C9FD9D6D23BFF14B007A7FA4 /* Resources */,
				C9FD9DB423C00D46007A7FA4 /* Embed App Extensions */,
				C97DA0AD23C15FB800AF0131 /* Embed Frameworks */,
			);
			buildRules = (
			);
			dependencies = (
				C9FD9DAF23C00D46007A7FA4 /* PBXTargetDependency */,
			);
			name = memefolder;
			productName = memefolder;
			productReference = C9FD9D6F23BFF14B007A7FA4 /* Meme Folder.app */;
			productType = "com.apple.product-type.application";
		};
		C9FD9D8423BFF155007A7FA4 /* memefolderTests */ = {
			isa = PBXNativeTarget;
			buildConfigurationList = C9FD9D9C23BFF156007A7FA4 /* Build configuration list for PBXNativeTarget "memefolderTests" */;
			buildPhases = (
				C9FD9D8123BFF155007A7FA4 /* Sources */,
				C9FD9D8223BFF155007A7FA4 /* Frameworks */,
				C9FD9D8323BFF155007A7FA4 /* Resources */,
			);
			buildRules = (
			);
			dependencies = (
				C9FD9D8723BFF155007A7FA4 /* PBXTargetDependency */,
			);
			name = memefolderTests;
			productName = memefolderTests;
			productReference = C9FD9D8523BFF155007A7FA4 /* memefolderTests.xctest */;
			productType = "com.apple.product-type.bundle.unit-test";
		};
		C9FD9D8F23BFF156007A7FA4 /* memefolderUITests */ = {
			isa = PBXNativeTarget;
			buildConfigurationList = C9FD9D9F23BFF156007A7FA4 /* Build configuration list for PBXNativeTarget "memefolderUITests" */;
			buildPhases = (
				C9FD9D8C23BFF156007A7FA4 /* Sources */,
				C9FD9D8D23BFF156007A7FA4 /* Frameworks */,
				C9FD9D8E23BFF156007A7FA4 /* Resources */,
			);
			buildRules = (
			);
			dependencies = (
				C9FD9D9223BFF156007A7FA4 /* PBXTargetDependency */,
			);
			name = memefolderUITests;
			productName = memefolderUITests;
			productReference = C9FD9D9023BFF156007A7FA4 /* memefolderUITests.xctest */;
			productType = "com.apple.product-type.bundle.ui-testing";
		};
		C9FD9DA523C00D44007A7FA4 /* shareExtension */ = {
			isa = PBXNativeTarget;
			buildConfigurationList = C9FD9DB123C00D46007A7FA4 /* Build configuration list for PBXNativeTarget "shareExtension" */;
			buildPhases = (
				C9FD9DA223C00D44007A7FA4 /* Sources */,
				C9FD9DA323C00D44007A7FA4 /* Frameworks */,
				C9FD9DA423C00D44007A7FA4 /* Resources */,
				C97DA0B023C15FC000AF0131 /* Embed Frameworks */,
			);
			buildRules = (
			);
			dependencies = (
			);
			name = shareExtension;
			productName = shareExtension;
			productReference = C9FD9DA623C00D44007A7FA4 /* shareExtension.appex */;
			productType = "com.apple.product-type.app-extension";
		};
/* End PBXNativeTarget section */

/* Begin PBXProject section */
		C9FD9D6723BFF14B007A7FA4 /* Project object */ = {
			isa = PBXProject;
			attributes = {
				LastSwiftUpdateCheck = 1130;
				LastUpgradeCheck = 1230;
				ORGANIZATIONNAME = "Meme Folder";
				TargetAttributes = {
					C9FD9D6E23BFF14B007A7FA4 = {
						CreatedOnToolsVersion = 11.3;
					};
					C9FD9D8423BFF155007A7FA4 = {
						CreatedOnToolsVersion = 11.3;
						TestTargetID = C9FD9D6E23BFF14B007A7FA4;
					};
					C9FD9D8F23BFF156007A7FA4 = {
						CreatedOnToolsVersion = 11.3;
						TestTargetID = C9FD9D6E23BFF14B007A7FA4;
					};
					C9FD9DA523C00D44007A7FA4 = {
						CreatedOnToolsVersion = 11.3;
					};
				};
			};
			buildConfigurationList = C9FD9D6A23BFF14B007A7FA4 /* Build configuration list for PBXProject "memefolder" */;
			compatibilityVersion = "Xcode 9.3";
			developmentRegion = en;
			hasScannedForEncodings = 0;
			knownRegions = (
				en,
				Base,
			);
			mainGroup = C9FD9D6623BFF14B007A7FA4;
			productRefGroup = C9FD9D7023BFF14B007A7FA4 /* Products */;
			projectDirPath = "";
			projectReferences = (
				{
					ProductGroup = C9F5112823C186400044C61A /* Products */;
					ProjectRef = C9F5112723C186400044C61A /* YoutubeDL.xcodeproj */;
				},
			);
			projectRoot = "";
			targets = (
				C9FD9D6E23BFF14B007A7FA4 /* memefolder */,
				C9FD9D8423BFF155007A7FA4 /* memefolderTests */,
				C9FD9D8F23BFF156007A7FA4 /* memefolderUITests */,
				C9FD9DA523C00D44007A7FA4 /* shareExtension */,
			);
		};
/* End PBXProject section */

/* Begin PBXReferenceProxy section */
		C9F5112D23C186410044C61A /* YoutubeDL.framework */ = {
			isa = PBXReferenceProxy;
			fileType = wrapper.framework;
			path = YoutubeDL.framework;
			remoteRef = C9F5112C23C186410044C61A /* PBXContainerItemProxy */;
			sourceTree = BUILT_PRODUCTS_DIR;
		};
		C9F5112F23C186410044C61A /* YoutubeDLTests.xctest */ = {
			isa = PBXReferenceProxy;
			fileType = wrapper.cfbundle;
			path = YoutubeDLTests.xctest;
			remoteRef = C9F5112E23C186410044C61A /* PBXContainerItemProxy */;
			sourceTree = BUILT_PRODUCTS_DIR;
		};
/* End PBXReferenceProxy section */

/* Begin PBXResourcesBuildPhase section */
		C9FD9D6D23BFF14B007A7FA4 /* Resources */ = {
			isa = PBXResourcesBuildPhase;
			buildActionMask = 2147483647;
			files = (
				C9FD9D7F23BFF155007A7FA4 /* LaunchScreen.storyboard in Resources */,
				C9F6E51025D330ED00F115B3 /* RecentImageCollectionMediatingView.xib in Resources */,
				C9F5114223C2CAA40044C61A /* GoogleService-Info.plist in Resources */,
				C9F6E52425D33BB400F115B3 /* ImageCell.xib in Resources */,
				C9FD9D7C23BFF155007A7FA4 /* AppIcons.xcassets in Resources */,
				C9FD9D7A23BFF14B007A7FA4 /* Main.storyboard in Resources */,
			);
			runOnlyForDeploymentPostprocessing = 0;
		};
		C9FD9D8323BFF155007A7FA4 /* Resources */ = {
			isa = PBXResourcesBuildPhase;
			buildActionMask = 2147483647;
			files = (
			);
			runOnlyForDeploymentPostprocessing = 0;
		};
		C9FD9D8E23BFF156007A7FA4 /* Resources */ = {
			isa = PBXResourcesBuildPhase;
			buildActionMask = 2147483647;
			files = (
			);
			runOnlyForDeploymentPostprocessing = 0;
		};
		C9FD9DA423C00D44007A7FA4 /* Resources */ = {
			isa = PBXResourcesBuildPhase;
			buildActionMask = 2147483647;
			files = (
				C9FD9DAC23C00D45007A7FA4 /* MainInterface.storyboard in Resources */,
				C9F5114323C2CAA40044C61A /* GoogleService-Info.plist in Resources */,
			);
			runOnlyForDeploymentPostprocessing = 0;
		};
/* End PBXResourcesBuildPhase section */

/* Begin PBXSourcesBuildPhase section */
		C9FD9D6B23BFF14B007A7FA4 /* Sources */ = {
			isa = PBXSourcesBuildPhase;
			buildActionMask = 2147483647;
			files = (
				C9F6E50625D0970000F115B3 /* TestViewController.swift in Sources */,
				C9FD9D7323BFF14B007A7FA4 /* AppDelegate.swift in Sources */,
				C92D91ED23C999010067150B /* InitialViewController.swift in Sources */,
				C93B407E25CCB01100E703BA /* PhotoModel.swift in Sources */,
				C9F6E50F25D330ED00F115B3 /* RecentImageCollectionMediatingView.swift in Sources */,
				C9F6E52325D33BB400F115B3 /* ImageCell.swift in Sources */,
			);
			runOnlyForDeploymentPostprocessing = 0;
		};
		C9FD9D8123BFF155007A7FA4 /* Sources */ = {
			isa = PBXSourcesBuildPhase;
			buildActionMask = 2147483647;
			files = (
				C9FD9D8A23BFF155007A7FA4 /* memefolderTests.swift in Sources */,
			);
			runOnlyForDeploymentPostprocessing = 0;
		};
		C9FD9D8C23BFF156007A7FA4 /* Sources */ = {
			isa = PBXSourcesBuildPhase;
			buildActionMask = 2147483647;
			files = (
				C9FD9D9523BFF156007A7FA4 /* memefolderUITests.swift in Sources */,
			);
			runOnlyForDeploymentPostprocessing = 0;
		};
		C9FD9DA223C00D44007A7FA4 /* Sources */ = {
			isa = PBXSourcesBuildPhase;
			buildActionMask = 2147483647;
			files = (
				C9FD9DA923C00D45007A7FA4 /* ShareViewController.swift in Sources */,
			);
			runOnlyForDeploymentPostprocessing = 0;
		};
/* End PBXSourcesBuildPhase section */

/* Begin PBXTargetDependency section */
		C9FD9D8723BFF155007A7FA4 /* PBXTargetDependency */ = {
			isa = PBXTargetDependency;
			target = C9FD9D6E23BFF14B007A7FA4 /* memefolder */;
			targetProxy = C9FD9D8623BFF155007A7FA4 /* PBXContainerItemProxy */;
		};
		C9FD9D9223BFF156007A7FA4 /* PBXTargetDependency */ = {
			isa = PBXTargetDependency;
			target = C9FD9D6E23BFF14B007A7FA4 /* memefolder */;
			targetProxy = C9FD9D9123BFF156007A7FA4 /* PBXContainerItemProxy */;
		};
		C9FD9DAF23C00D46007A7FA4 /* PBXTargetDependency */ = {
			isa = PBXTargetDependency;
			target = C9FD9DA523C00D44007A7FA4 /* shareExtension */;
			targetProxy = C9FD9DAE23C00D46007A7FA4 /* PBXContainerItemProxy */;
		};
/* End PBXTargetDependency section */

/* Begin PBXVariantGroup section */
		C9FD9D7823BFF14B007A7FA4 /* Main.storyboard */ = {
			isa = PBXVariantGroup;
			children = (
				C9FD9D7923BFF14B007A7FA4 /* Base */,
			);
			name = Main.storyboard;
			sourceTree = "<group>";
		};
		C9FD9D7D23BFF155007A7FA4 /* LaunchScreen.storyboard */ = {
			isa = PBXVariantGroup;
			children = (
				C9FD9D7E23BFF155007A7FA4 /* Base */,
			);
			name = LaunchScreen.storyboard;
			sourceTree = "<group>";
		};
		C9FD9DAA23C00D45007A7FA4 /* MainInterface.storyboard */ = {
			isa = PBXVariantGroup;
			children = (
				C9FD9DAB23C00D45007A7FA4 /* Base */,
			);
			name = MainInterface.storyboard;
			sourceTree = "<group>";
		};
/* End PBXVariantGroup section */

/* Begin XCBuildConfiguration section */
		C9FD9D9723BFF156007A7FA4 /* Debug */ = {
			isa = XCBuildConfiguration;
			buildSettings = {
				ALWAYS_SEARCH_USER_PATHS = NO;
				CLANG_ANALYZER_NONNULL = YES;
				CLANG_ANALYZER_NUMBER_OBJECT_CONVERSION = YES_AGGRESSIVE;
				CLANG_CXX_LANGUAGE_STANDARD = "gnu++14";
				CLANG_CXX_LIBRARY = "libc++";
				CLANG_ENABLE_MODULES = YES;
				CLANG_ENABLE_OBJC_ARC = YES;
				CLANG_ENABLE_OBJC_WEAK = YES;
				CLANG_WARN_BLOCK_CAPTURE_AUTORELEASING = YES;
				CLANG_WARN_BOOL_CONVERSION = YES;
				CLANG_WARN_COMMA = YES;
				CLANG_WARN_CONSTANT_CONVERSION = YES;
				CLANG_WARN_DEPRECATED_OBJC_IMPLEMENTATIONS = YES;
				CLANG_WARN_DIRECT_OBJC_ISA_USAGE = YES_ERROR;
				CLANG_WARN_DOCUMENTATION_COMMENTS = YES;
				CLANG_WARN_EMPTY_BODY = YES;
				CLANG_WARN_ENUM_CONVERSION = YES;
				CLANG_WARN_INFINITE_RECURSION = YES;
				CLANG_WARN_INT_CONVERSION = YES;
				CLANG_WARN_NON_LITERAL_NULL_CONVERSION = YES;
				CLANG_WARN_OBJC_IMPLICIT_RETAIN_SELF = YES;
				CLANG_WARN_OBJC_LITERAL_CONVERSION = YES;
				CLANG_WARN_OBJC_ROOT_CLASS = YES_ERROR;
				CLANG_WARN_QUOTED_INCLUDE_IN_FRAMEWORK_HEADER = YES;
				CLANG_WARN_RANGE_LOOP_ANALYSIS = YES;
				CLANG_WARN_STRICT_PROTOTYPES = YES;
				CLANG_WARN_SUSPICIOUS_MOVE = YES;
				CLANG_WARN_UNGUARDED_AVAILABILITY = YES_AGGRESSIVE;
				CLANG_WARN_UNREACHABLE_CODE = YES;
				CLANG_WARN__DUPLICATE_METHOD_MATCH = YES;
				COPY_PHASE_STRIP = NO;
				DEBUG_INFORMATION_FORMAT = dwarf;
				ENABLE_STRICT_OBJC_MSGSEND = YES;
				ENABLE_TESTABILITY = YES;
				GCC_C_LANGUAGE_STANDARD = gnu11;
				GCC_DYNAMIC_NO_PIC = NO;
				GCC_NO_COMMON_BLOCKS = YES;
				GCC_OPTIMIZATION_LEVEL = 0;
				GCC_PREPROCESSOR_DEFINITIONS = (
					"DEBUG=1",
					"$(inherited)",
				);
				GCC_WARN_64_TO_32_BIT_CONVERSION = YES;
				GCC_WARN_ABOUT_RETURN_TYPE = YES_ERROR;
				GCC_WARN_UNDECLARED_SELECTOR = YES;
				GCC_WARN_UNINITIALIZED_AUTOS = YES_AGGRESSIVE;
				GCC_WARN_UNUSED_FUNCTION = YES;
				GCC_WARN_UNUSED_VARIABLE = YES;
				IPHONEOS_DEPLOYMENT_TARGET = 13.0;
				MTL_ENABLE_DEBUG_INFO = INCLUDE_SOURCE;
				MTL_FAST_MATH = YES;
				ONLY_ACTIVE_ARCH = YES;
				SDKROOT = iphoneos;
				SWIFT_ACTIVE_COMPILATION_CONDITIONS = DEBUG;
				SWIFT_OPTIMIZATION_LEVEL = "-Onone";
			};
			name = Debug;
		};
		C9FD9D9823BFF156007A7FA4 /* Release */ = {
			isa = XCBuildConfiguration;
			buildSettings = {
				ALWAYS_SEARCH_USER_PATHS = NO;
				CLANG_ANALYZER_NONNULL = YES;
				CLANG_ANALYZER_NUMBER_OBJECT_CONVERSION = YES_AGGRESSIVE;
				CLANG_CXX_LANGUAGE_STANDARD = "gnu++14";
				CLANG_CXX_LIBRARY = "libc++";
				CLANG_ENABLE_MODULES = YES;
				CLANG_ENABLE_OBJC_ARC = YES;
				CLANG_ENABLE_OBJC_WEAK = YES;
				CLANG_WARN_BLOCK_CAPTURE_AUTORELEASING = YES;
				CLANG_WARN_BOOL_CONVERSION = YES;
				CLANG_WARN_COMMA = YES;
				CLANG_WARN_CONSTANT_CONVERSION = YES;
				CLANG_WARN_DEPRECATED_OBJC_IMPLEMENTATIONS = YES;
				CLANG_WARN_DIRECT_OBJC_ISA_USAGE = YES_ERROR;
				CLANG_WARN_DOCUMENTATION_COMMENTS = YES;
				CLANG_WARN_EMPTY_BODY = YES;
				CLANG_WARN_ENUM_CONVERSION = YES;
				CLANG_WARN_INFINITE_RECURSION = YES;
				CLANG_WARN_INT_CONVERSION = YES;
				CLANG_WARN_NON_LITERAL_NULL_CONVERSION = YES;
				CLANG_WARN_OBJC_IMPLICIT_RETAIN_SELF = YES;
				CLANG_WARN_OBJC_LITERAL_CONVERSION = YES;
				CLANG_WARN_OBJC_ROOT_CLASS = YES_ERROR;
				CLANG_WARN_QUOTED_INCLUDE_IN_FRAMEWORK_HEADER = YES;
				CLANG_WARN_RANGE_LOOP_ANALYSIS = YES;
				CLANG_WARN_STRICT_PROTOTYPES = YES;
				CLANG_WARN_SUSPICIOUS_MOVE = YES;
				CLANG_WARN_UNGUARDED_AVAILABILITY = YES_AGGRESSIVE;
				CLANG_WARN_UNREACHABLE_CODE = YES;
				CLANG_WARN__DUPLICATE_METHOD_MATCH = YES;
				COPY_PHASE_STRIP = NO;
				DEBUG_INFORMATION_FORMAT = "dwarf-with-dsym";
				ENABLE_NS_ASSERTIONS = NO;
				ENABLE_STRICT_OBJC_MSGSEND = YES;
				GCC_C_LANGUAGE_STANDARD = gnu11;
				GCC_NO_COMMON_BLOCKS = YES;
				GCC_WARN_64_TO_32_BIT_CONVERSION = YES;
				GCC_WARN_ABOUT_RETURN_TYPE = YES_ERROR;
				GCC_WARN_UNDECLARED_SELECTOR = YES;
				GCC_WARN_UNINITIALIZED_AUTOS = YES_AGGRESSIVE;
				GCC_WARN_UNUSED_FUNCTION = YES;
				GCC_WARN_UNUSED_VARIABLE = YES;
				IPHONEOS_DEPLOYMENT_TARGET = 13.0;
				MTL_ENABLE_DEBUG_INFO = NO;
				MTL_FAST_MATH = YES;
				SDKROOT = iphoneos;
				SWIFT_COMPILATION_MODE = wholemodule;
				SWIFT_OPTIMIZATION_LEVEL = "-O";
				VALIDATE_PRODUCT = YES;
			};
			name = Release;
		};
		C9FD9D9A23BFF156007A7FA4 /* Debug */ = {
			isa = XCBuildConfiguration;
			buildSettings = {
				ALWAYS_EMBED_SWIFT_STANDARD_LIBRARIES = "$(inherited)";
				ASSETCATALOG_COMPILER_APPICON_NAME = AppIcon;
				CODE_SIGN_ENTITLEMENTS = memefolder/memefolder.entitlements;
				CODE_SIGN_STYLE = Automatic;
				DERIVE_MACCATALYST_PRODUCT_BUNDLE_IDENTIFIER = YES;
				DEVELOPMENT_TEAM = GQZFDKJ72B;
				INFOPLIST_FILE = memefolder/Info.plist;
				IPHONEOS_DEPLOYMENT_TARGET = 13.0;
				LD_RUNPATH_SEARCH_PATHS = (
					"$(inherited)",
					"@executable_path/Frameworks",
				);
				PRODUCT_BUNDLE_IDENTIFIER = com.memefolder.memefolder;
				PRODUCT_NAME = "Meme Folder";
				SUPPORTS_MACCATALYST = YES;
				SWIFT_VERSION = 5.0;
				TARGETED_DEVICE_FAMILY = "1,2";
			};
			name = Debug;
		};
		C9FD9D9B23BFF156007A7FA4 /* Release */ = {
			isa = XCBuildConfiguration;
			buildSettings = {
				ALWAYS_EMBED_SWIFT_STANDARD_LIBRARIES = "$(inherited)";
				ASSETCATALOG_COMPILER_APPICON_NAME = AppIcon;
				CODE_SIGN_ENTITLEMENTS = memefolder/memefolder.entitlements;
				CODE_SIGN_STYLE = Automatic;
				DERIVE_MACCATALYST_PRODUCT_BUNDLE_IDENTIFIER = YES;
				DEVELOPMENT_TEAM = GQZFDKJ72B;
				INFOPLIST_FILE = memefolder/Info.plist;
				IPHONEOS_DEPLOYMENT_TARGET = 13.0;
				LD_RUNPATH_SEARCH_PATHS = (
					"$(inherited)",
					"@executable_path/Frameworks",
				);
				PRODUCT_BUNDLE_IDENTIFIER = com.memefolder.memefolder;
				PRODUCT_NAME = "Meme Folder";
				SUPPORTS_MACCATALYST = YES;
				SWIFT_VERSION = 5.0;
				TARGETED_DEVICE_FAMILY = "1,2";
			};
			name = Release;
		};
		C9FD9D9D23BFF156007A7FA4 /* Debug */ = {
			isa = XCBuildConfiguration;
			buildSettings = {
				ALWAYS_EMBED_SWIFT_STANDARD_LIBRARIES = YES;
				BUNDLE_LOADER = "$(TEST_HOST)";
				CODE_SIGN_STYLE = Automatic;
				DEVELOPMENT_TEAM = GQZFDKJ72B;
				INFOPLIST_FILE = memefolderTests/Info.plist;
				IPHONEOS_DEPLOYMENT_TARGET = "$(inherited)";
				LD_RUNPATH_SEARCH_PATHS = (
					"$(inherited)",
					"@executable_path/Frameworks",
					"@loader_path/Frameworks",
				);
				PRODUCT_BUNDLE_IDENTIFIER = com.memefolder.memefolderTests;
				PRODUCT_NAME = "$(TARGET_NAME)";
				SWIFT_VERSION = 5.0;
				TARGETED_DEVICE_FAMILY = "1,2";
				TEST_HOST = "$(BUILT_PRODUCTS_DIR)/memefolder.app/memefolder";
			};
			name = Debug;
		};
		C9FD9D9E23BFF156007A7FA4 /* Release */ = {
			isa = XCBuildConfiguration;
			buildSettings = {
				ALWAYS_EMBED_SWIFT_STANDARD_LIBRARIES = YES;
				BUNDLE_LOADER = "$(TEST_HOST)";
				CODE_SIGN_STYLE = Automatic;
				DEVELOPMENT_TEAM = GQZFDKJ72B;
				INFOPLIST_FILE = memefolderTests/Info.plist;
				IPHONEOS_DEPLOYMENT_TARGET = "$(inherited)";
				LD_RUNPATH_SEARCH_PATHS = (
					"$(inherited)",
					"@executable_path/Frameworks",
					"@loader_path/Frameworks",
				);
				PRODUCT_BUNDLE_IDENTIFIER = com.memefolder.memefolderTests;
				PRODUCT_NAME = "$(TARGET_NAME)";
				SWIFT_VERSION = 5.0;
				TARGETED_DEVICE_FAMILY = "1,2";
				TEST_HOST = "$(BUILT_PRODUCTS_DIR)/memefolder.app/memefolder";
			};
			name = Release;
		};
		C9FD9DA023BFF156007A7FA4 /* Debug */ = {
			isa = XCBuildConfiguration;
			buildSettings = {
				ALWAYS_EMBED_SWIFT_STANDARD_LIBRARIES = YES;
				CODE_SIGN_STYLE = Automatic;
				DEVELOPMENT_TEAM = GQZFDKJ72B;
				INFOPLIST_FILE = memefolderUITests/Info.plist;
				IPHONEOS_DEPLOYMENT_TARGET = "$(inherited)";
				LD_RUNPATH_SEARCH_PATHS = (
					"$(inherited)",
					"@executable_path/Frameworks",
					"@loader_path/Frameworks",
				);
				PRODUCT_BUNDLE_IDENTIFIER = com.memefolder.memefolderUITests;
				PRODUCT_NAME = "$(TARGET_NAME)";
				SWIFT_VERSION = 5.0;
				TARGETED_DEVICE_FAMILY = "1,2";
				TEST_TARGET_NAME = memefolder;
			};
			name = Debug;
		};
		C9FD9DA123BFF156007A7FA4 /* Release */ = {
			isa = XCBuildConfiguration;
			buildSettings = {
				ALWAYS_EMBED_SWIFT_STANDARD_LIBRARIES = YES;
				CODE_SIGN_STYLE = Automatic;
				DEVELOPMENT_TEAM = GQZFDKJ72B;
				INFOPLIST_FILE = memefolderUITests/Info.plist;
				IPHONEOS_DEPLOYMENT_TARGET = "$(inherited)";
				LD_RUNPATH_SEARCH_PATHS = (
					"$(inherited)",
					"@executable_path/Frameworks",
					"@loader_path/Frameworks",
				);
				PRODUCT_BUNDLE_IDENTIFIER = com.memefolder.memefolderUITests;
				PRODUCT_NAME = "$(TARGET_NAME)";
				SWIFT_VERSION = 5.0;
				TARGETED_DEVICE_FAMILY = "1,2";
				TEST_TARGET_NAME = memefolder;
			};
			name = Release;
		};
		C9FD9DB223C00D46007A7FA4 /* Debug */ = {
			isa = XCBuildConfiguration;
			buildSettings = {
				CODE_SIGN_ENTITLEMENTS = shareExtension/shareExtension.entitlements;
				CODE_SIGN_IDENTITY = "Apple Development";
				"CODE_SIGN_IDENTITY[sdk=macosx*]" = "Apple Development";
				CODE_SIGN_STYLE = Automatic;
				DERIVE_MACCATALYST_PRODUCT_BUNDLE_IDENTIFIER = YES;
				DEVELOPMENT_TEAM = GQZFDKJ72B;
				INFOPLIST_FILE = shareExtension/Info.plist;
				IPHONEOS_DEPLOYMENT_TARGET = 13.0;
				LD_RUNPATH_SEARCH_PATHS = (
					"$(inherited)",
					"@executable_path/Frameworks",
					"@executable_path/../../Frameworks",
				);
				PRODUCT_BUNDLE_IDENTIFIER = com.memefolder.memefolder.shareExtension;
				PRODUCT_NAME = shareExtension;
				PROVISIONING_PROFILE_SPECIFIER = "";
				"PROVISIONING_PROFILE_SPECIFIER[sdk=macosx*]" = "";
				SKIP_INSTALL = YES;
				SUPPORTS_MACCATALYST = YES;
				SWIFT_VERSION = 5.0;
				TARGETED_DEVICE_FAMILY = "1,2";
			};
			name = Debug;
		};
		C9FD9DB323C00D46007A7FA4 /* Release */ = {
			isa = XCBuildConfiguration;
			buildSettings = {
				CODE_SIGN_ENTITLEMENTS = shareExtension/shareExtension.entitlements;
				CODE_SIGN_IDENTITY = "Apple Development";
				"CODE_SIGN_IDENTITY[sdk=macosx*]" = "Apple Development";
				CODE_SIGN_STYLE = Automatic;
				DERIVE_MACCATALYST_PRODUCT_BUNDLE_IDENTIFIER = YES;
				DEVELOPMENT_TEAM = GQZFDKJ72B;
				INFOPLIST_FILE = shareExtension/Info.plist;
				IPHONEOS_DEPLOYMENT_TARGET = 13.0;
				LD_RUNPATH_SEARCH_PATHS = (
					"$(inherited)",
					"@executable_path/Frameworks",
					"@executable_path/../../Frameworks",
				);
				PRODUCT_BUNDLE_IDENTIFIER = com.memefolder.memefolder.shareExtension;
				PRODUCT_NAME = shareExtension;
				PROVISIONING_PROFILE_SPECIFIER = "";
				"PROVISIONING_PROFILE_SPECIFIER[sdk=macosx*]" = "";
				SKIP_INSTALL = YES;
				SUPPORTS_MACCATALYST = YES;
				SWIFT_VERSION = 5.0;
				TARGETED_DEVICE_FAMILY = "1,2";
			};
			name = Release;
		};
/* End XCBuildConfiguration section */

/* Begin XCConfigurationList section */
		C9FD9D6A23BFF14B007A7FA4 /* Build configuration list for PBXProject "memefolder" */ = {
			isa = XCConfigurationList;
			buildConfigurations = (
				C9FD9D9723BFF156007A7FA4 /* Debug */,
				C9FD9D9823BFF156007A7FA4 /* Release */,
			);
			defaultConfigurationIsVisible = 0;
			defaultConfigurationName = Release;
		};
		C9FD9D9923BFF156007A7FA4 /* Build configuration list for PBXNativeTarget "memefolder" */ = {
			isa = XCConfigurationList;
			buildConfigurations = (
				C9FD9D9A23BFF156007A7FA4 /* Debug */,
				C9FD9D9B23BFF156007A7FA4 /* Release */,
			);
			defaultConfigurationIsVisible = 0;
			defaultConfigurationName = Release;
		};
		C9FD9D9C23BFF156007A7FA4 /* Build configuration list for PBXNativeTarget "memefolderTests" */ = {
			isa = XCConfigurationList;
			buildConfigurations = (
				C9FD9D9D23BFF156007A7FA4 /* Debug */,
				C9FD9D9E23BFF156007A7FA4 /* Release */,
			);
			defaultConfigurationIsVisible = 0;
			defaultConfigurationName = Release;
		};
		C9FD9D9F23BFF156007A7FA4 /* Build configuration list for PBXNativeTarget "memefolderUITests" */ = {
			isa = XCConfigurationList;
			buildConfigurations = (
				C9FD9DA023BFF156007A7FA4 /* Debug */,
				C9FD9DA123BFF156007A7FA4 /* Release */,
			);
			defaultConfigurationIsVisible = 0;
			defaultConfigurationName = Release;
		};
		C9FD9DB123C00D46007A7FA4 /* Build configuration list for PBXNativeTarget "shareExtension" */ = {
			isa = XCConfigurationList;
			buildConfigurations = (
				C9FD9DB223C00D46007A7FA4 /* Debug */,
				C9FD9DB323C00D46007A7FA4 /* Release */,
			);
			defaultConfigurationIsVisible = 0;
			defaultConfigurationName = Release;
		};
/* End XCConfigurationList section */
	};
	rootObject = C9FD9D6723BFF14B007A7FA4 /* Project object */;
}
